// !$*UTF8*$!
{
	archiveVersion = 1;
	classes = {
	};
	objectVersion = 56;
	objects = {

/* Begin PBXBuildFile section */
		7B07BDC52C61D1B70096540D /* eWallet_Tests.swift in Sources */ = {isa = PBXBuildFile; fileRef = 7B07BDC42C61D1B70096540D /* eWallet_Tests.swift */; };
		7B07BDCC2C61D26D0096540D /* CDRecordRepository_Test.swift in Sources */ = {isa = PBXBuildFile; fileRef = 7B07BDCB2C61D26D0096540D /* CDRecordRepository_Test.swift */; };
		7B267CA02C33756200A1E84B /* CurrencyListView.swift in Sources */ = {isa = PBXBuildFile; fileRef = 7B267C9F2C33756200A1E84B /* CurrencyListView.swift */; };
		7B267CA22C33770C00A1E84B /* SingleCurrencyListItem.swift in Sources */ = {isa = PBXBuildFile; fileRef = 7B267CA12C33770C00A1E84B /* SingleCurrencyListItem.swift */; };
		7B267CA62C33799600A1E84B /* CurrencyListVM.swift in Sources */ = {isa = PBXBuildFile; fileRef = 7B267CA52C33799600A1E84B /* CurrencyListVM.swift */; };
		7B28D0562C41993D00A84142 /* AccountGridVM.swift in Sources */ = {isa = PBXBuildFile; fileRef = 7B28D0552C41993D00A84142 /* AccountGridVM.swift */; };
		7B2C1C0D2C670BFD005C2D4B /* PinnedScrolledView.swift in Sources */ = {isa = PBXBuildFile; fileRef = 7B2C1C0C2C670BFD005C2D4B /* PinnedScrolledView.swift */; };
		7B549A662C016AEB0054AD70 /* HomeVm.swift in Sources */ = {isa = PBXBuildFile; fileRef = 7B549A652C016AEB0054AD70 /* HomeVm.swift */; };
		7B821F062BF79B1200D3DC76 /* CoreDataContainer.xcdatamodeld in Sources */ = {isa = PBXBuildFile; fileRef = 7B821F042BF79B1200D3DC76 /* CoreDataContainer.xcdatamodeld */; };
		7B821F092BF79DF300D3DC76 /* CoreDataManager.swift in Sources */ = {isa = PBXBuildFile; fileRef = 7B821F082BF79DF300D3DC76 /* CoreDataManager.swift */; };
		7B821F0B2BF79E2200D3DC76 /* Constants.swift in Sources */ = {isa = PBXBuildFile; fileRef = 7B821F0A2BF79E2200D3DC76 /* Constants.swift */; };
		7B821F112BF7B85300D3DC76 /* CategoryListVm.swift in Sources */ = {isa = PBXBuildFile; fileRef = 7B821F102BF7B85300D3DC76 /* CategoryListVm.swift */; };
		7B9BAA5D2C4CE1A2008757E3 /* AddRecordDetailsVM.swift in Sources */ = {isa = PBXBuildFile; fileRef = 7B9BAA5C2C4CE1A2008757E3 /* AddRecordDetailsVM.swift */; };
		7BA09A312C49FADA0047575C /* CreateRecordVM.swift in Sources */ = {isa = PBXBuildFile; fileRef = 7BA09A302C49FADA0047575C /* CreateRecordVM.swift */; };
		7BAD48162C6B69CF00D795C6 /* CoreDataAccountTest.swift in Sources */ = {isa = PBXBuildFile; fileRef = 7BAD48152C6B69CF00D795C6 /* CoreDataAccountTest.swift */; };
		7BB9349A2BFA5A2000322AED /* CDCategoryRepository.swift in Sources */ = {isa = PBXBuildFile; fileRef = 7BB934992BFA5A2000322AED /* CDCategoryRepository.swift */; };
		7BBBC79D2BB02FED00B417E0 /* AccountListView.swift in Sources */ = {isa = PBXBuildFile; fileRef = 7BBBC79C2BB02FED00B417E0 /* AccountListView.swift */; };
		7BBBC79F2BB030E400B417E0 /* ChooseAccountItemView.swift in Sources */ = {isa = PBXBuildFile; fileRef = 7BBBC79E2BB030E400B417E0 /* ChooseAccountItemView.swift */; };
		7BC3C67E2C31195100E5B6E0 /* CurrencyDataRepository.swift in Sources */ = {isa = PBXBuildFile; fileRef = 7BC3C67D2C31195100E5B6E0 /* CurrencyDataRepository.swift */; };
		7BC3FAD42C4F38F50015A72C /* PreviewProvider.swift in Sources */ = {isa = PBXBuildFile; fileRef = 7BC3FAD32C4F38F50015A72C /* PreviewProvider.swift */; };
		7BC3FAD82C4F72E50015A72C /* RecordDataRepository.swift in Sources */ = {isa = PBXBuildFile; fileRef = 7BC3FAD72C4F72E50015A72C /* RecordDataRepository.swift */; };
		7BC3FADA2C4F76AB0015A72C /* CDRecordRepository.swift in Sources */ = {isa = PBXBuildFile; fileRef = 7BC3FAD92C4F76AB0015A72C /* CDRecordRepository.swift */; };
		7BF0D2702C4C883E00A34A5A /* AccountListVM.swift in Sources */ = {isa = PBXBuildFile; fileRef = 7BF0D26F2C4C883E00A34A5A /* AccountListVM.swift */; };
		7BF0D2722C4C8CA900A34A5A /* CategoryDataRepository.swift in Sources */ = {isa = PBXBuildFile; fileRef = 7BF0D2712C4C8CA900A34A5A /* CategoryDataRepository.swift */; };
		F3033C942BB5C8D000ECBA71 /* CustomNavBarView.swift in Sources */ = {isa = PBXBuildFile; fileRef = F3033C932BB5C8D000ECBA71 /* CustomNavBarView.swift */; };
		F30448902C6D9A5B00A6485B /* ContentView.swift in Sources */ = {isa = PBXBuildFile; fileRef = F304488F2C6D9A5B00A6485B /* ContentView.swift */; };
		F30448922C6D9D2700A6485B /* TopBarView.swift in Sources */ = {isa = PBXBuildFile; fileRef = F30448912C6D9D2700A6485B /* TopBarView.swift */; };
		F30448942C6D9F0C00A6485B /* CustomCorner.swift in Sources */ = {isa = PBXBuildFile; fileRef = F30448932C6D9F0C00A6485B /* CustomCorner.swift */; };
		F30448972C6DA29800A6485B /* OffsetModifier.swift in Sources */ = {isa = PBXBuildFile; fileRef = F30448962C6DA29800A6485B /* OffsetModifier.swift */; };
		F3153B422C0A1351000DF53C /* AccountDataRepository.swift in Sources */ = {isa = PBXBuildFile; fileRef = F3153B412C0A1351000DF53C /* AccountDataRepository.swift */; };
		F3153B462C0A14DD000DF53C /* AddAccountVM.swift in Sources */ = {isa = PBXBuildFile; fileRef = F3153B452C0A14DD000DF53C /* AddAccountVM.swift */; };
		F317D9852BAAFDA1003BB60A /* RecordTypeEnum.swift in Sources */ = {isa = PBXBuildFile; fileRef = F317D9842BAAFDA1003BB60A /* RecordTypeEnum.swift */; };
		F317D98A2BAB02F0003BB60A /* RecordTypeSegmentedView.swift in Sources */ = {isa = PBXBuildFile; fileRef = F317D9892BAB02F0003BB60A /* RecordTypeSegmentedView.swift */; };
		F31B48212B8F327A00CE6575 /* AddAccountView.swift in Sources */ = {isa = PBXBuildFile; fileRef = F31B48202B8F327A00CE6575 /* AddAccountView.swift */; };
		F31B58332C6EEDE700C0772C /* AddAccountGridItemView.swift in Sources */ = {isa = PBXBuildFile; fileRef = F31B58322C6EEDE700C0772C /* AddAccountGridItemView.swift */; };
		F31BC85F2C814FE100A2DB94 /* DefaultBgModifier.swift in Sources */ = {isa = PBXBuildFile; fileRef = F31BC85E2C814FE100A2DB94 /* DefaultBgModifier.swift */; };
		F31BC8612C8150BE00A2DB94 /* TestModifierView.swift in Sources */ = {isa = PBXBuildFile; fileRef = F31BC8602C8150BE00A2DB94 /* TestModifierView.swift */; };
		F32326CD2C0AC37F0014498A /* CustomAlertView.swift in Sources */ = {isa = PBXBuildFile; fileRef = F32326CC2C0AC37F0014498A /* CustomAlertView.swift */; };
		F32326D02C0ACA060014498A /* DummyDataUtils.swift in Sources */ = {isa = PBXBuildFile; fileRef = F32326CF2C0ACA060014498A /* DummyDataUtils.swift */; };
		F324F5002BB98AF4002B5AAE /* TestAnimationView.swift in Sources */ = {isa = PBXBuildFile; fileRef = F324F4FF2BB98AF4002B5AAE /* TestAnimationView.swift */; };
		F32746442BB6B35100ECFDB7 /* CustomNavBarContainerView.swift in Sources */ = {isa = PBXBuildFile; fileRef = F32746432BB6B35100ECFDB7 /* CustomNavBarContainerView.swift */; };
		F32746462BB6BF1700ECFDB7 /* AppNavBarView.swift in Sources */ = {isa = PBXBuildFile; fileRef = F32746452BB6BF1700ECFDB7 /* AppNavBarView.swift */; };
		F32746482BB6C0EB00ECFDB7 /* CustomNavView.swift in Sources */ = {isa = PBXBuildFile; fileRef = F32746472BB6C0EB00ECFDB7 /* CustomNavView.swift */; };
		F327464A2BB6C34D00ECFDB7 /* CustomNavLink.swift in Sources */ = {isa = PBXBuildFile; fileRef = F32746492BB6C34D00ECFDB7 /* CustomNavLink.swift */; };
		F327464C2BB6C6C700ECFDB7 /* CustomNavBarPreferenceKeys.swift in Sources */ = {isa = PBXBuildFile; fileRef = F327464B2BB6C6C700ECFDB7 /* CustomNavBarPreferenceKeys.swift */; };
		F343EB082BB811D100D356E9 /* CommonTopBar.swift in Sources */ = {isa = PBXBuildFile; fileRef = F343EB072BB811D100D356E9 /* CommonTopBar.swift */; };
		F34B452F2B8CBD1100434B42 /* eWalletApp.swift in Sources */ = {isa = PBXBuildFile; fileRef = F34B452E2B8CBD1100434B42 /* eWalletApp.swift */; };
		F34B45332B8CBD1300434B42 /* Assets.xcassets in Resources */ = {isa = PBXBuildFile; fileRef = F34B45322B8CBD1300434B42 /* Assets.xcassets */; };
		F34B45362B8CBD1300434B42 /* Preview Assets.xcassets in Resources */ = {isa = PBXBuildFile; fileRef = F34B45352B8CBD1300434B42 /* Preview Assets.xcassets */; };
		F34B454A2B8CCDE300434B42 /* Date.swift in Sources */ = {isa = PBXBuildFile; fileRef = F34B45442B8CCDE300434B42 /* Date.swift */; };
		F34B454C2B8CCDE300434B42 /* String.swift in Sources */ = {isa = PBXBuildFile; fileRef = F34B45462B8CCDE300434B42 /* String.swift */; };
		F34B454E2B8CCDE300434B42 /* UIApplication.swift in Sources */ = {isa = PBXBuildFile; fileRef = F34B45482B8CCDE300434B42 /* UIApplication.swift */; };
		F34B454F2B8CCDE300434B42 /* Color.swift in Sources */ = {isa = PBXBuildFile; fileRef = F34B45492B8CCDE300434B42 /* Color.swift */; };
		F34B45532B8CED7A00434B42 /* HomeView.swift in Sources */ = {isa = PBXBuildFile; fileRef = F34B45522B8CED7A00434B42 /* HomeView.swift */; };
		F34B45572B8CEDE800434B42 /* AccountGridView.swift in Sources */ = {isa = PBXBuildFile; fileRef = F34B45562B8CEDE800434B42 /* AccountGridView.swift */; };
		F34B45592B8CF2CD00434B42 /* AccountGridItemView.swift in Sources */ = {isa = PBXBuildFile; fileRef = F34B45582B8CF2CD00434B42 /* AccountGridItemView.swift */; };
		F35A4AA82BB2BC3100345287 /* CategoryData.swift in Sources */ = {isa = PBXBuildFile; fileRef = F35A4AA72BB2BC3100345287 /* CategoryData.swift */; };
		F366D80B2BAA5AA000224835 /* CreateRecordMainView.swift in Sources */ = {isa = PBXBuildFile; fileRef = F366D80A2BAA5AA000224835 /* CreateRecordMainView.swift */; };
		F366D80F2BAA647900224835 /* CustomSegmentedPickerExample.swift in Sources */ = {isa = PBXBuildFile; fileRef = F366D80E2BAA647900224835 /* CustomSegmentedPickerExample.swift */; };
		F366D8112BAA655C00224835 /* CustomSegmentedPicker.swift in Sources */ = {isa = PBXBuildFile; fileRef = F366D8102BAA655C00224835 /* CustomSegmentedPicker.swift */; };
		F366D81C2BAA6F6800224835 /* SegmentedPickerItem.swift in Sources */ = {isa = PBXBuildFile; fileRef = F366D81B2BAA6F6800224835 /* SegmentedPickerItem.swift */; };
		F37A54F92C04BDD30024CCE8 /* AddCurrencyView.swift in Sources */ = {isa = PBXBuildFile; fileRef = F37A54F82C04BDD30024CCE8 /* AddCurrencyView.swift */; };
		F37A54FB2C04C82F0024CCE8 /* AddCurrencyViewModel.swift in Sources */ = {isa = PBXBuildFile; fileRef = F37A54FA2C04C82F0024CCE8 /* AddCurrencyViewModel.swift */; };
		F3835D482BF210BB00D78E6B /* SingleRecordItem.swift in Sources */ = {isa = PBXBuildFile; fileRef = F3835D472BF210BB00D78E6B /* SingleRecordItem.swift */; };
		F3835D4A2BF210CA00D78E6B /* RecordListView.swift in Sources */ = {isa = PBXBuildFile; fileRef = F3835D492BF210CA00D78E6B /* RecordListView.swift */; };
		F3835D4C2BF21CD200D78E6B /* ListData.swift in Sources */ = {isa = PBXBuildFile; fileRef = F3835D4B2BF21CD200D78E6B /* ListData.swift */; };
		F38FFE922BB39B210001DA36 /* AddRecordDetailsView.swift in Sources */ = {isa = PBXBuildFile; fileRef = F38FFE912BB39B210001DA36 /* AddRecordDetailsView.swift */; };
		F38FFE942BB39ECC0001DA36 /* DropDownView.swift in Sources */ = {isa = PBXBuildFile; fileRef = F38FFE932BB39ECC0001DA36 /* DropDownView.swift */; };
		F3963E5B2C0AD45C009DA266 /* AlertData.swift in Sources */ = {isa = PBXBuildFile; fileRef = F3963E5A2C0AD45C009DA266 /* AlertData.swift */; };
		F39A6DA12BABF45C0006E60E /* WebViewTest.swift in Sources */ = {isa = PBXBuildFile; fileRef = F39A6DA02BABF45C0006E60E /* WebViewTest.swift */; };
		F3A0A0CC2BB0F20D00007ADB /* ImageInBg.swift in Sources */ = {isa = PBXBuildFile; fileRef = F3A0A0CB2BB0F20D00007ADB /* ImageInBg.swift */; };
		F3A0A0D22BB0F2A500007ADB /* SelectCatagoryView.swift in Sources */ = {isa = PBXBuildFile; fileRef = F3A0A0D12BB0F2A500007ADB /* SelectCatagoryView.swift */; };
		F3A0A0D52BB0F47600007ADB /* CalculatorView.swift in Sources */ = {isa = PBXBuildFile; fileRef = F3A0A0D42BB0F47600007ADB /* CalculatorView.swift */; };
		F3A0A0D72BB0F49B00007ADB /* SingleButton.swift in Sources */ = {isa = PBXBuildFile; fileRef = F3A0A0D62BB0F49B00007ADB /* SingleButton.swift */; };
		F3B5BD1F2C057AA300ED9A7F /* AccountViewModel.swift in Sources */ = {isa = PBXBuildFile; fileRef = F3B5BD1E2C057AA300ED9A7F /* AccountViewModel.swift */; };
		F3BD5C492BF2F1A900DB5F7A /* RecordHeaderView.swift in Sources */ = {isa = PBXBuildFile; fileRef = F3BD5C482BF2F1A900DB5F7A /* RecordHeaderView.swift */; };
		F3D6A5A92BAAD58100EB3E80 /* SegmentedPickerIndicatorView.swift in Sources */ = {isa = PBXBuildFile; fileRef = F3D6A5A82BAAD58100EB3E80 /* SegmentedPickerIndicatorView.swift */; };
		F3D6ED5A2C02FDC0003ED696 /* CDAccountRepository.swift in Sources */ = {isa = PBXBuildFile; fileRef = F3D6ED592C02FDC0003ED696 /* CDAccountRepository.swift */; };
		F3D6ED5C2C030B23003ED696 /* CDCurrencyRepository.swift in Sources */ = {isa = PBXBuildFile; fileRef = F3D6ED5B2C030B23003ED696 /* CDCurrencyRepository.swift */; };
		F3F80D7C2C571A2B007A7298 /* RecordListVM.swift in Sources */ = {isa = PBXBuildFile; fileRef = F3F80D7B2C571A2B007A7298 /* RecordListVM.swift */; };
		F3F80D7E2C572162007A7298 /* UtiltyHelper.swift in Sources */ = {isa = PBXBuildFile; fileRef = F3F80D7D2C572162007A7298 /* UtiltyHelper.swift */; };
		F3F80D802C5721D5007A7298 /* DoubleExt.swift in Sources */ = {isa = PBXBuildFile; fileRef = F3F80D7F2C5721D5007A7298 /* DoubleExt.swift */; };
		F3FCBA312C09BF9800576B7C /* CommonDropdownView.swift in Sources */ = {isa = PBXBuildFile; fileRef = F3FCBA302C09BF9800576B7C /* CommonDropdownView.swift */; };
/* End PBXBuildFile section */

/* Begin PBXContainerItemProxy section */
		7B07BDC62C61D1B70096540D /* PBXContainerItemProxy */ = {
			isa = PBXContainerItemProxy;
			containerPortal = F34B45232B8CBD1100434B42 /* Project object */;
			proxyType = 1;
			remoteGlobalIDString = F34B452A2B8CBD1100434B42;
			remoteInfo = eWallet;
		};
/* End PBXContainerItemProxy section */

/* Begin PBXFileReference section */
		7B07BDC22C61D1B70096540D /* eWallet_Tests.xctest */ = {isa = PBXFileReference; explicitFileType = wrapper.cfbundle; includeInIndex = 0; path = eWallet_Tests.xctest; sourceTree = BUILT_PRODUCTS_DIR; };
		7B07BDC42C61D1B70096540D /* eWallet_Tests.swift */ = {isa = PBXFileReference; lastKnownFileType = sourcecode.swift; path = eWallet_Tests.swift; sourceTree = "<group>"; };
		7B07BDCB2C61D26D0096540D /* CDRecordRepository_Test.swift */ = {isa = PBXFileReference; lastKnownFileType = sourcecode.swift; path = CDRecordRepository_Test.swift; sourceTree = "<group>"; };
		7B267C9F2C33756200A1E84B /* CurrencyListView.swift */ = {isa = PBXFileReference; lastKnownFileType = sourcecode.swift; path = CurrencyListView.swift; sourceTree = "<group>"; };
		7B267CA12C33770C00A1E84B /* SingleCurrencyListItem.swift */ = {isa = PBXFileReference; lastKnownFileType = sourcecode.swift; path = SingleCurrencyListItem.swift; sourceTree = "<group>"; };
		7B267CA52C33799600A1E84B /* CurrencyListVM.swift */ = {isa = PBXFileReference; lastKnownFileType = sourcecode.swift; path = CurrencyListVM.swift; sourceTree = "<group>"; };
		7B28D0552C41993D00A84142 /* AccountGridVM.swift */ = {isa = PBXFileReference; lastKnownFileType = sourcecode.swift; path = AccountGridVM.swift; sourceTree = "<group>"; };
		7B2C1C0C2C670BFD005C2D4B /* PinnedScrolledView.swift */ = {isa = PBXFileReference; lastKnownFileType = sourcecode.swift; path = PinnedScrolledView.swift; sourceTree = "<group>"; };
		7B549A652C016AEB0054AD70 /* HomeVm.swift */ = {isa = PBXFileReference; lastKnownFileType = sourcecode.swift; path = HomeVm.swift; sourceTree = "<group>"; };
		7B821F052BF79B1200D3DC76 /* localDb.xcdatamodel */ = {isa = PBXFileReference; lastKnownFileType = wrapper.xcdatamodel; path = localDb.xcdatamodel; sourceTree = "<group>"; };
		7B821F082BF79DF300D3DC76 /* CoreDataManager.swift */ = {isa = PBXFileReference; lastKnownFileType = sourcecode.swift; path = CoreDataManager.swift; sourceTree = "<group>"; };
		7B821F0A2BF79E2200D3DC76 /* Constants.swift */ = {isa = PBXFileReference; lastKnownFileType = sourcecode.swift; path = Constants.swift; sourceTree = "<group>"; };
		7B821F102BF7B85300D3DC76 /* CategoryListVm.swift */ = {isa = PBXFileReference; lastKnownFileType = sourcecode.swift; path = CategoryListVm.swift; sourceTree = "<group>"; };
		7B9BAA5C2C4CE1A2008757E3 /* AddRecordDetailsVM.swift */ = {isa = PBXFileReference; lastKnownFileType = sourcecode.swift; path = AddRecordDetailsVM.swift; sourceTree = "<group>"; };
		7BA09A302C49FADA0047575C /* CreateRecordVM.swift */ = {isa = PBXFileReference; lastKnownFileType = sourcecode.swift; path = CreateRecordVM.swift; sourceTree = "<group>"; };
		7BAD48152C6B69CF00D795C6 /* CoreDataAccountTest.swift */ = {isa = PBXFileReference; lastKnownFileType = sourcecode.swift; path = CoreDataAccountTest.swift; sourceTree = "<group>"; };
		7BB934992BFA5A2000322AED /* CDCategoryRepository.swift */ = {isa = PBXFileReference; lastKnownFileType = sourcecode.swift; path = CDCategoryRepository.swift; sourceTree = "<group>"; };
		7BBBC79C2BB02FED00B417E0 /* AccountListView.swift */ = {isa = PBXFileReference; lastKnownFileType = sourcecode.swift; path = AccountListView.swift; sourceTree = "<group>"; };
		7BBBC79E2BB030E400B417E0 /* ChooseAccountItemView.swift */ = {isa = PBXFileReference; lastKnownFileType = sourcecode.swift; path = ChooseAccountItemView.swift; sourceTree = "<group>"; };
		7BC3C67D2C31195100E5B6E0 /* CurrencyDataRepository.swift */ = {isa = PBXFileReference; lastKnownFileType = sourcecode.swift; path = CurrencyDataRepository.swift; sourceTree = "<group>"; };
		7BC3FAD32C4F38F50015A72C /* PreviewProvider.swift */ = {isa = PBXFileReference; lastKnownFileType = sourcecode.swift; path = PreviewProvider.swift; sourceTree = "<group>"; };
		7BC3FAD72C4F72E50015A72C /* RecordDataRepository.swift */ = {isa = PBXFileReference; lastKnownFileType = sourcecode.swift; path = RecordDataRepository.swift; sourceTree = "<group>"; };
		7BC3FAD92C4F76AB0015A72C /* CDRecordRepository.swift */ = {isa = PBXFileReference; lastKnownFileType = sourcecode.swift; path = CDRecordRepository.swift; sourceTree = "<group>"; };
		7BF0D26F2C4C883E00A34A5A /* AccountListVM.swift */ = {isa = PBXFileReference; lastKnownFileType = sourcecode.swift; path = AccountListVM.swift; sourceTree = "<group>"; };
		7BF0D2712C4C8CA900A34A5A /* CategoryDataRepository.swift */ = {isa = PBXFileReference; lastKnownFileType = sourcecode.swift; path = CategoryDataRepository.swift; sourceTree = "<group>"; };
		F3033C932BB5C8D000ECBA71 /* CustomNavBarView.swift */ = {isa = PBXFileReference; lastKnownFileType = sourcecode.swift; path = CustomNavBarView.swift; sourceTree = "<group>"; };
		F304488F2C6D9A5B00A6485B /* ContentView.swift */ = {isa = PBXFileReference; lastKnownFileType = sourcecode.swift; path = ContentView.swift; sourceTree = "<group>"; };
		F30448912C6D9D2700A6485B /* TopBarView.swift */ = {isa = PBXFileReference; lastKnownFileType = sourcecode.swift; path = TopBarView.swift; sourceTree = "<group>"; };
		F30448932C6D9F0C00A6485B /* CustomCorner.swift */ = {isa = PBXFileReference; lastKnownFileType = sourcecode.swift; path = CustomCorner.swift; sourceTree = "<group>"; };
		F30448962C6DA29800A6485B /* OffsetModifier.swift */ = {isa = PBXFileReference; lastKnownFileType = sourcecode.swift; path = OffsetModifier.swift; sourceTree = "<group>"; };
		F3153B412C0A1351000DF53C /* AccountDataRepository.swift */ = {isa = PBXFileReference; lastKnownFileType = sourcecode.swift; path = AccountDataRepository.swift; sourceTree = "<group>"; };
		F3153B452C0A14DD000DF53C /* AddAccountVM.swift */ = {isa = PBXFileReference; lastKnownFileType = sourcecode.swift; path = AddAccountVM.swift; sourceTree = "<group>"; };
		F317D9842BAAFDA1003BB60A /* RecordTypeEnum.swift */ = {isa = PBXFileReference; lastKnownFileType = sourcecode.swift; path = RecordTypeEnum.swift; sourceTree = "<group>"; };
		F317D9892BAB02F0003BB60A /* RecordTypeSegmentedView.swift */ = {isa = PBXFileReference; lastKnownFileType = sourcecode.swift; path = RecordTypeSegmentedView.swift; sourceTree = "<group>"; };
		F31B48202B8F327A00CE6575 /* AddAccountView.swift */ = {isa = PBXFileReference; lastKnownFileType = sourcecode.swift; path = AddAccountView.swift; sourceTree = "<group>"; };
		F31B58322C6EEDE700C0772C /* AddAccountGridItemView.swift */ = {isa = PBXFileReference; lastKnownFileType = sourcecode.swift; path = AddAccountGridItemView.swift; sourceTree = "<group>"; };
		F31BC85E2C814FE100A2DB94 /* DefaultBgModifier.swift */ = {isa = PBXFileReference; lastKnownFileType = sourcecode.swift; path = DefaultBgModifier.swift; sourceTree = "<group>"; };
		F31BC8602C8150BE00A2DB94 /* TestModifierView.swift */ = {isa = PBXFileReference; lastKnownFileType = sourcecode.swift; path = TestModifierView.swift; sourceTree = "<group>"; };
		F32326CC2C0AC37F0014498A /* CustomAlertView.swift */ = {isa = PBXFileReference; lastKnownFileType = sourcecode.swift; path = CustomAlertView.swift; sourceTree = "<group>"; };
		F32326CF2C0ACA060014498A /* DummyDataUtils.swift */ = {isa = PBXFileReference; lastKnownFileType = sourcecode.swift; path = DummyDataUtils.swift; sourceTree = "<group>"; };
		F324F4FF2BB98AF4002B5AAE /* TestAnimationView.swift */ = {isa = PBXFileReference; lastKnownFileType = sourcecode.swift; path = TestAnimationView.swift; sourceTree = "<group>"; };
		F32746432BB6B35100ECFDB7 /* CustomNavBarContainerView.swift */ = {isa = PBXFileReference; lastKnownFileType = sourcecode.swift; path = CustomNavBarContainerView.swift; sourceTree = "<group>"; };
		F32746452BB6BF1700ECFDB7 /* AppNavBarView.swift */ = {isa = PBXFileReference; lastKnownFileType = sourcecode.swift; path = AppNavBarView.swift; sourceTree = "<group>"; };
		F32746472BB6C0EB00ECFDB7 /* CustomNavView.swift */ = {isa = PBXFileReference; lastKnownFileType = sourcecode.swift; path = CustomNavView.swift; sourceTree = "<group>"; };
		F32746492BB6C34D00ECFDB7 /* CustomNavLink.swift */ = {isa = PBXFileReference; lastKnownFileType = sourcecode.swift; path = CustomNavLink.swift; sourceTree = "<group>"; };
		F327464B2BB6C6C700ECFDB7 /* CustomNavBarPreferenceKeys.swift */ = {isa = PBXFileReference; lastKnownFileType = sourcecode.swift; path = CustomNavBarPreferenceKeys.swift; sourceTree = "<group>"; };
		F343EB072BB811D100D356E9 /* CommonTopBar.swift */ = {isa = PBXFileReference; lastKnownFileType = sourcecode.swift; path = CommonTopBar.swift; sourceTree = "<group>"; };
		F34B452B2B8CBD1100434B42 /* eWallet.app */ = {isa = PBXFileReference; explicitFileType = wrapper.application; includeInIndex = 0; path = eWallet.app; sourceTree = BUILT_PRODUCTS_DIR; };
		F34B452E2B8CBD1100434B42 /* eWalletApp.swift */ = {isa = PBXFileReference; lastKnownFileType = sourcecode.swift; path = eWalletApp.swift; sourceTree = "<group>"; };
		F34B45322B8CBD1300434B42 /* Assets.xcassets */ = {isa = PBXFileReference; lastKnownFileType = folder.assetcatalog; path = Assets.xcassets; sourceTree = "<group>"; };
		F34B45352B8CBD1300434B42 /* Preview Assets.xcassets */ = {isa = PBXFileReference; lastKnownFileType = folder.assetcatalog; path = "Preview Assets.xcassets"; sourceTree = "<group>"; };
		F34B45442B8CCDE300434B42 /* Date.swift */ = {isa = PBXFileReference; fileEncoding = 4; lastKnownFileType = sourcecode.swift; path = Date.swift; sourceTree = "<group>"; };
		F34B45462B8CCDE300434B42 /* String.swift */ = {isa = PBXFileReference; fileEncoding = 4; lastKnownFileType = sourcecode.swift; path = String.swift; sourceTree = "<group>"; };
		F34B45482B8CCDE300434B42 /* UIApplication.swift */ = {isa = PBXFileReference; fileEncoding = 4; lastKnownFileType = sourcecode.swift; path = UIApplication.swift; sourceTree = "<group>"; };
		F34B45492B8CCDE300434B42 /* Color.swift */ = {isa = PBXFileReference; fileEncoding = 4; lastKnownFileType = sourcecode.swift; path = Color.swift; sourceTree = "<group>"; };
		F34B45522B8CED7A00434B42 /* HomeView.swift */ = {isa = PBXFileReference; lastKnownFileType = sourcecode.swift; path = HomeView.swift; sourceTree = "<group>"; };
		F34B45562B8CEDE800434B42 /* AccountGridView.swift */ = {isa = PBXFileReference; lastKnownFileType = sourcecode.swift; path = AccountGridView.swift; sourceTree = "<group>"; };
		F34B45582B8CF2CD00434B42 /* AccountGridItemView.swift */ = {isa = PBXFileReference; lastKnownFileType = sourcecode.swift; path = AccountGridItemView.swift; sourceTree = "<group>"; };
		F35A4AA72BB2BC3100345287 /* CategoryData.swift */ = {isa = PBXFileReference; lastKnownFileType = sourcecode.swift; path = CategoryData.swift; sourceTree = "<group>"; };
		F366D80A2BAA5AA000224835 /* CreateRecordMainView.swift */ = {isa = PBXFileReference; lastKnownFileType = sourcecode.swift; path = CreateRecordMainView.swift; sourceTree = "<group>"; };
		F366D80E2BAA647900224835 /* CustomSegmentedPickerExample.swift */ = {isa = PBXFileReference; lastKnownFileType = sourcecode.swift; path = CustomSegmentedPickerExample.swift; sourceTree = "<group>"; };
		F366D8102BAA655C00224835 /* CustomSegmentedPicker.swift */ = {isa = PBXFileReference; lastKnownFileType = sourcecode.swift; path = CustomSegmentedPicker.swift; sourceTree = "<group>"; };
		F366D81B2BAA6F6800224835 /* SegmentedPickerItem.swift */ = {isa = PBXFileReference; fileEncoding = 4; lastKnownFileType = sourcecode.swift; path = SegmentedPickerItem.swift; sourceTree = "<group>"; };
		F37A54F82C04BDD30024CCE8 /* AddCurrencyView.swift */ = {isa = PBXFileReference; lastKnownFileType = sourcecode.swift; path = AddCurrencyView.swift; sourceTree = "<group>"; };
		F37A54FA2C04C82F0024CCE8 /* AddCurrencyViewModel.swift */ = {isa = PBXFileReference; lastKnownFileType = sourcecode.swift; path = AddCurrencyViewModel.swift; sourceTree = "<group>"; };
		F3835D472BF210BB00D78E6B /* SingleRecordItem.swift */ = {isa = PBXFileReference; lastKnownFileType = sourcecode.swift; path = SingleRecordItem.swift; sourceTree = "<group>"; };
		F3835D492BF210CA00D78E6B /* RecordListView.swift */ = {isa = PBXFileReference; lastKnownFileType = sourcecode.swift; path = RecordListView.swift; sourceTree = "<group>"; };
		F3835D4B2BF21CD200D78E6B /* ListData.swift */ = {isa = PBXFileReference; lastKnownFileType = sourcecode.swift; path = ListData.swift; sourceTree = "<group>"; };
		F38FFE912BB39B210001DA36 /* AddRecordDetailsView.swift */ = {isa = PBXFileReference; lastKnownFileType = sourcecode.swift; path = AddRecordDetailsView.swift; sourceTree = "<group>"; };
		F38FFE932BB39ECC0001DA36 /* DropDownView.swift */ = {isa = PBXFileReference; lastKnownFileType = sourcecode.swift; path = DropDownView.swift; sourceTree = "<group>"; };
		F3963E5A2C0AD45C009DA266 /* AlertData.swift */ = {isa = PBXFileReference; lastKnownFileType = sourcecode.swift; path = AlertData.swift; sourceTree = "<group>"; };
		F39A6DA02BABF45C0006E60E /* WebViewTest.swift */ = {isa = PBXFileReference; lastKnownFileType = sourcecode.swift; path = WebViewTest.swift; sourceTree = "<group>"; };
		F39A6DA22BABFE2B0006E60E /* Info.plist */ = {isa = PBXFileReference; lastKnownFileType = text.plist; path = Info.plist; sourceTree = "<group>"; };
		F3A0A0CB2BB0F20D00007ADB /* ImageInBg.swift */ = {isa = PBXFileReference; lastKnownFileType = sourcecode.swift; path = ImageInBg.swift; sourceTree = "<group>"; };
		F3A0A0D12BB0F2A500007ADB /* SelectCatagoryView.swift */ = {isa = PBXFileReference; lastKnownFileType = sourcecode.swift; path = SelectCatagoryView.swift; sourceTree = "<group>"; };
		F3A0A0D42BB0F47600007ADB /* CalculatorView.swift */ = {isa = PBXFileReference; lastKnownFileType = sourcecode.swift; path = CalculatorView.swift; sourceTree = "<group>"; };
		F3A0A0D62BB0F49B00007ADB /* SingleButton.swift */ = {isa = PBXFileReference; lastKnownFileType = sourcecode.swift; path = SingleButton.swift; sourceTree = "<group>"; };
		F3B5BD1E2C057AA300ED9A7F /* AccountViewModel.swift */ = {isa = PBXFileReference; lastKnownFileType = sourcecode.swift; path = AccountViewModel.swift; sourceTree = "<group>"; };
		F3BD5C482BF2F1A900DB5F7A /* RecordHeaderView.swift */ = {isa = PBXFileReference; lastKnownFileType = sourcecode.swift; path = RecordHeaderView.swift; sourceTree = "<group>"; };
		F3D6A5A82BAAD58100EB3E80 /* SegmentedPickerIndicatorView.swift */ = {isa = PBXFileReference; lastKnownFileType = sourcecode.swift; path = SegmentedPickerIndicatorView.swift; sourceTree = "<group>"; };
		F3D6ED592C02FDC0003ED696 /* CDAccountRepository.swift */ = {isa = PBXFileReference; lastKnownFileType = sourcecode.swift; path = CDAccountRepository.swift; sourceTree = "<group>"; };
		F3D6ED5B2C030B23003ED696 /* CDCurrencyRepository.swift */ = {isa = PBXFileReference; lastKnownFileType = sourcecode.swift; path = CDCurrencyRepository.swift; sourceTree = "<group>"; };
		F3F80D7B2C571A2B007A7298 /* RecordListVM.swift */ = {isa = PBXFileReference; lastKnownFileType = sourcecode.swift; path = RecordListVM.swift; sourceTree = "<group>"; };
		F3F80D7D2C572162007A7298 /* UtiltyHelper.swift */ = {isa = PBXFileReference; lastKnownFileType = sourcecode.swift; path = UtiltyHelper.swift; sourceTree = "<group>"; };
		F3F80D7F2C5721D5007A7298 /* DoubleExt.swift */ = {isa = PBXFileReference; lastKnownFileType = sourcecode.swift; path = DoubleExt.swift; sourceTree = "<group>"; };
		F3FCBA302C09BF9800576B7C /* CommonDropdownView.swift */ = {isa = PBXFileReference; lastKnownFileType = sourcecode.swift; path = CommonDropdownView.swift; sourceTree = "<group>"; };
/* End PBXFileReference section */

/* Begin PBXFrameworksBuildPhase section */
		7B07BDBF2C61D1B70096540D /* Frameworks */ = {
			isa = PBXFrameworksBuildPhase;
			buildActionMask = 2147483647;
			files = (
			);
			runOnlyForDeploymentPostprocessing = 0;
		};
		F34B45282B8CBD1100434B42 /* Frameworks */ = {
			isa = PBXFrameworksBuildPhase;
			buildActionMask = 2147483647;
			files = (
			);
			runOnlyForDeploymentPostprocessing = 0;
		};
/* End PBXFrameworksBuildPhase section */

/* Begin PBXGroup section */
		7B07BDC32C61D1B70096540D /* eWallet_Tests */ = {
			isa = PBXGroup;
			children = (
				7B07BDC42C61D1B70096540D /* eWallet_Tests.swift */,
				7B07BDCB2C61D26D0096540D /* CDRecordRepository_Test.swift */,
				7BAD48152C6B69CF00D795C6 /* CoreDataAccountTest.swift */,
			);
			path = eWallet_Tests;
			sourceTree = "<group>";
		};
		7B267C9B2C33750000A1E84B /* Add  Currency */ = {
			isa = PBXGroup;
			children = (
				F37A54F82C04BDD30024CCE8 /* AddCurrencyView.swift */,
				F37A54FA2C04C82F0024CCE8 /* AddCurrencyViewModel.swift */,
			);
			path = "Add  Currency";
			sourceTree = "<group>";
		};
		7B267C9C2C33751000A1E84B /* CurrencyList */ = {
			isa = PBXGroup;
			children = (
				7B267C9F2C33756200A1E84B /* CurrencyListView.swift */,
				7B267CA12C33770C00A1E84B /* SingleCurrencyListItem.swift */,
				7B267CA52C33799600A1E84B /* CurrencyListVM.swift */,
			);
			path = CurrencyList;
			sourceTree = "<group>";
		};
		7B28D0542C41992200A84142 /* Account Grid View */ = {
			isa = PBXGroup;
			children = (
				F34B45562B8CEDE800434B42 /* AccountGridView.swift */,
				7B28D0552C41993D00A84142 /* AccountGridVM.swift */,
			);
			path = "Account Grid View";
			sourceTree = "<group>";
		};
		7B2C1C0A2C6707BB005C2D4B /* Test UI */ = {
			isa = PBXGroup;
			children = (
				7B2C1C0B2C6707C8005C2D4B /* Pinned Scrollable Header */,
			);
			path = "Test UI";
			sourceTree = "<group>";
		};
		7B2C1C0B2C6707C8005C2D4B /* Pinned Scrollable Header */ = {
			isa = PBXGroup;
			children = (
				F30448952C6DA28300A6485B /* Modifiers */,
				7B2C1C0E2C670C11005C2D4B /* Model */,
				7B2C1C0C2C670BFD005C2D4B /* PinnedScrolledView.swift */,
				F304488F2C6D9A5B00A6485B /* ContentView.swift */,
				F30448912C6D9D2700A6485B /* TopBarView.swift */,
				F30448932C6D9F0C00A6485B /* CustomCorner.swift */,
			);
			path = "Pinned Scrollable Header";
			sourceTree = "<group>";
		};
		7B2C1C0E2C670C11005C2D4B /* Model */ = {
			isa = PBXGroup;
			children = (
			);
			path = Model;
			sourceTree = "<group>";
		};
		7B821F032BF79AD300D3DC76 /* Core Data */ = {
			isa = PBXGroup;
			children = (
				7B821F082BF79DF300D3DC76 /* CoreDataManager.swift */,
				7B821F042BF79B1200D3DC76 /* CoreDataContainer.xcdatamodeld */,
			);
			path = "Core Data";
			sourceTree = "<group>";
		};
		7B821F072BF79DCF00D3DC76 /* Manager */ = {
			isa = PBXGroup;
			children = (
			);
			path = Manager;
			sourceTree = "<group>";
		};
		7BB934982BFA59CB00322AED /* Repository */ = {
			isa = PBXGroup;
			children = (
				F3153B402C0A12FE000DF53C /* Core Data */,
				F3153B412C0A1351000DF53C /* AccountDataRepository.swift */,
				7BC3C67D2C31195100E5B6E0 /* CurrencyDataRepository.swift */,
				7BF0D2712C4C8CA900A34A5A /* CategoryDataRepository.swift */,
				7BC3FAD72C4F72E50015A72C /* RecordDataRepository.swift */,
			);
			path = Repository;
			sourceTree = "<group>";
		};
		7BBBC79B2BB02FB400B417E0 /* Account List */ = {
			isa = PBXGroup;
			children = (
				7BBBC79C2BB02FED00B417E0 /* AccountListView.swift */,
				7BBBC79E2BB030E400B417E0 /* ChooseAccountItemView.swift */,
				7BF0D26F2C4C883E00A34A5A /* AccountListVM.swift */,
			);
			path = "Account List";
			sourceTree = "<group>";
		};
		7BF0D2732C4C930100A34A5A /* Select category  */ = {
			isa = PBXGroup;
			children = (
				F3A0A0D12BB0F2A500007ADB /* SelectCatagoryView.swift */,
			);
			path = "Select category ";
			sourceTree = "<group>";
		};
		F30060FD2BB52964009C7D64 /* Category */ = {
			isa = PBXGroup;
			children = (
				7BF0D2732C4C930100A34A5A /* Select category  */,
				7B821F102BF7B85300D3DC76 /* CategoryListVm.swift */,
			);
			path = Category;
			sourceTree = "<group>";
		};
		F3033C902BB5C88300ECBA71 /* CommonToolBar */ = {
			isa = PBXGroup;
			children = (
				F3033C932BB5C8D000ECBA71 /* CustomNavBarView.swift */,
				F32746432BB6B35100ECFDB7 /* CustomNavBarContainerView.swift */,
				F32746452BB6BF1700ECFDB7 /* AppNavBarView.swift */,
				F32746472BB6C0EB00ECFDB7 /* CustomNavView.swift */,
				F32746492BB6C34D00ECFDB7 /* CustomNavLink.swift */,
				F327464B2BB6C6C700ECFDB7 /* CustomNavBarPreferenceKeys.swift */,
			);
			path = CommonToolBar;
			sourceTree = "<group>";
		};
		F30448952C6DA28300A6485B /* Modifiers */ = {
			isa = PBXGroup;
			children = (
				F30448962C6DA29800A6485B /* OffsetModifier.swift */,
			);
			path = Modifiers;
			sourceTree = "<group>";
		};
		F3153B402C0A12FE000DF53C /* Core Data */ = {
			isa = PBXGroup;
			children = (
				7BB934992BFA5A2000322AED /* CDCategoryRepository.swift */,
				F3D6ED592C02FDC0003ED696 /* CDAccountRepository.swift */,
				F3D6ED5B2C030B23003ED696 /* CDCurrencyRepository.swift */,
				7BC3FAD92C4F76AB0015A72C /* CDRecordRepository.swift */,
			);
			path = "Core Data";
			sourceTree = "<group>";
		};
		F317D9862BAAFDA9003BB60A /* Enums */ = {
			isa = PBXGroup;
			children = (
				F317D9842BAAFDA1003BB60A /* RecordTypeEnum.swift */,
			);
			path = Enums;
			sourceTree = "<group>";
		};
		F31BC85D2C814FB400A2DB94 /* View Modifiers */ = {
			isa = PBXGroup;
			children = (
				F31BC85E2C814FE100A2DB94 /* DefaultBgModifier.swift */,
			);
			path = "View Modifiers";
			sourceTree = "<group>";
		};
		F32326C92C0ABBAB0014498A /* Add */ = {
			isa = PBXGroup;
			children = (
				F31B48202B8F327A00CE6575 /* AddAccountView.swift */,
				F3153B452C0A14DD000DF53C /* AddAccountVM.swift */,
			);
			path = Add;
			sourceTree = "<group>";
		};
		F32326CA2C0ABBE10014498A /* App */ = {
			isa = PBXGroup;
			children = (
				F34B452E2B8CBD1100434B42 /* eWalletApp.swift */,
			);
			path = App;
			sourceTree = "<group>";
		};
		F32326CB2C0AC3660014498A /* Alert */ = {
			isa = PBXGroup;
			children = (
				F32326CC2C0AC37F0014498A /* CustomAlertView.swift */,
				F3963E5A2C0AD45C009DA266 /* AlertData.swift */,
			);
			path = Alert;
			sourceTree = "<group>";
		};
		F324F4FE2BB98AE8002B5AAE /* Test */ = {
			isa = PBXGroup;
			children = (
				F324F4FF2BB98AF4002B5AAE /* TestAnimationView.swift */,
				F31BC8602C8150BE00A2DB94 /* TestModifierView.swift */,
			);
			path = Test;
			sourceTree = "<group>";
		};
		F343EB062BB8119300D356E9 /* TopBar */ = {
			isa = PBXGroup;
			children = (
				F343EB072BB811D100D356E9 /* CommonTopBar.swift */,
			);
			path = TopBar;
			sourceTree = "<group>";
		};
		F343EB092BB8143E00D356E9 /* Utility */ = {
			isa = PBXGroup;
			children = (
				F317D9862BAAFDA9003BB60A /* Enums */,
				7B821F0A2BF79E2200D3DC76 /* Constants.swift */,
				F3F80D7D2C572162007A7298 /* UtiltyHelper.swift */,
			);
			path = Utility;
			sourceTree = "<group>";
		};
		F34B45222B8CBD1100434B42 = {
			isa = PBXGroup;
			children = (
				F34B452D2B8CBD1100434B42 /* eWallet */,
				7B07BDC32C61D1B70096540D /* eWallet_Tests */,
				F34B452C2B8CBD1100434B42 /* Products */,
			);
			sourceTree = "<group>";
		};
		F34B452C2B8CBD1100434B42 /* Products */ = {
			isa = PBXGroup;
			children = (
				F34B452B2B8CBD1100434B42 /* eWallet.app */,
				7B07BDC22C61D1B70096540D /* eWallet_Tests.xctest */,
			);
			name = Products;
			sourceTree = "<group>";
		};
		F34B452D2B8CBD1100434B42 /* eWallet */ = {
			isa = PBXGroup;
			children = (
				7B2C1C0A2C6707BB005C2D4B /* Test UI */,
				F32326CA2C0ABBE10014498A /* App */,
				7B821F032BF79AD300D3DC76 /* Core Data */,
				F35A4AA62BB2BC1300345287 /* Data */,
				F34B45432B8CCDE300434B42 /* Extensions */,
				F343EB092BB8143E00D356E9 /* Utility */,
				7BB934982BFA59CB00322AED /* Repository */,
				7B821F072BF79DCF00D3DC76 /* Manager */,
				F34B45502B8CED5D00434B42 /* View */,
				F39A6DA22BABFE2B0006E60E /* Info.plist */,
				F34B45322B8CBD1300434B42 /* Assets.xcassets */,
				F34B45342B8CBD1300434B42 /* Preview Content */,
			);
			path = eWallet;
			sourceTree = "<group>";
		};
		F34B45342B8CBD1300434B42 /* Preview Content */ = {
			isa = PBXGroup;
			children = (
				F34B45352B8CBD1300434B42 /* Preview Assets.xcassets */,
			);
			path = "Preview Content";
			sourceTree = "<group>";
		};
		F34B45432B8CCDE300434B42 /* Extensions */ = {
			isa = PBXGroup;
			children = (
				7BC3FAD32C4F38F50015A72C /* PreviewProvider.swift */,
				F34B45442B8CCDE300434B42 /* Date.swift */,
				F34B45462B8CCDE300434B42 /* String.swift */,
				F34B45482B8CCDE300434B42 /* UIApplication.swift */,
				F34B45492B8CCDE300434B42 /* Color.swift */,
				F3F80D7F2C5721D5007A7298 /* DoubleExt.swift */,
			);
			path = Extensions;
			sourceTree = "<group>";
		};
		F34B45502B8CED5D00434B42 /* View */ = {
			isa = PBXGroup;
			children = (
				F34B45552B8CEDDA00434B42 /* Accounts */,
				F37A54F72C04BDAE0024CCE8 /* Currency */,
				F34B45512B8CED6800434B42 /* Home */,
				F3835D462BF2108D00D78E6B /* Record List View */,
				F324F4FE2BB98AE8002B5AAE /* Test */,
				F30060FD2BB52964009C7D64 /* Category */,
				F39A6D9F2BABF4410006E60E /* WebView */,
				F366D80D2BAA645F00224835 /* Custom Segmented Picker */,
				F366D8092BAA5A6D00224835 /* Create Record */,
				F34B45542B8CEDB900434B42 /* Components */,
			);
			path = View;
			sourceTree = "<group>";
		};
		F34B45512B8CED6800434B42 /* Home */ = {
			isa = PBXGroup;
			children = (
				F34B45522B8CED7A00434B42 /* HomeView.swift */,
				7B549A652C016AEB0054AD70 /* HomeVm.swift */,
			);
			path = Home;
			sourceTree = "<group>";
		};
		F34B45542B8CEDB900434B42 /* Components */ = {
			isa = PBXGroup;
			children = (
				F31BC85D2C814FB400A2DB94 /* View Modifiers */,
				F32326CB2C0AC3660014498A /* Alert */,
				F3FCBA2F2C09BD8600576B7C /* DropDown */,
				F343EB062BB8119300D356E9 /* TopBar */,
				F3A0A0D32BB0F43E00007ADB /* Calculator */,
				F3033C902BB5C88300ECBA71 /* CommonToolBar */,
				F3A0A0CA2BB0F1BF00007ADB /* CircleWithIcon */,
			);
			path = Components;
			sourceTree = "<group>";
		};
		F34B45552B8CEDDA00434B42 /* Accounts */ = {
			isa = PBXGroup;
			children = (
				7BBBC79B2BB02FB400B417E0 /* Account List */,
				7B28D0542C41992200A84142 /* Account Grid View */,
				F32326C92C0ABBAB0014498A /* Add */,
				F34B45582B8CF2CD00434B42 /* AccountGridItemView.swift */,
				F3B5BD1E2C057AA300ED9A7F /* AccountViewModel.swift */,
				F31B58322C6EEDE700C0772C /* AddAccountGridItemView.swift */,
			);
			path = Accounts;
			sourceTree = "<group>";
		};
		F35A4AA62BB2BC1300345287 /* Data */ = {
			isa = PBXGroup;
			children = (
				F35A4AA72BB2BC3100345287 /* CategoryData.swift */,
				F3835D4B2BF21CD200D78E6B /* ListData.swift */,
				F32326CF2C0ACA060014498A /* DummyDataUtils.swift */,
			);
			path = Data;
			sourceTree = "<group>";
		};
		F366D8092BAA5A6D00224835 /* Create Record */ = {
			isa = PBXGroup;
			children = (
				F38FFE902BB39ACD0001DA36 /* Add Record Details View */,
				F366D80A2BAA5AA000224835 /* CreateRecordMainView.swift */,
				F317D9892BAB02F0003BB60A /* RecordTypeSegmentedView.swift */,
				7BA09A302C49FADA0047575C /* CreateRecordVM.swift */,
			);
			path = "Create Record";
			sourceTree = "<group>";
		};
		F366D80D2BAA645F00224835 /* Custom Segmented Picker */ = {
			isa = PBXGroup;
			children = (
				F366D81B2BAA6F6800224835 /* SegmentedPickerItem.swift */,
				F366D80E2BAA647900224835 /* CustomSegmentedPickerExample.swift */,
				F366D8102BAA655C00224835 /* CustomSegmentedPicker.swift */,
				F3D6A5A82BAAD58100EB3E80 /* SegmentedPickerIndicatorView.swift */,
			);
			path = "Custom Segmented Picker";
			sourceTree = "<group>";
		};
		F37A54F72C04BDAE0024CCE8 /* Currency */ = {
			isa = PBXGroup;
			children = (
				7B267C9C2C33751000A1E84B /* CurrencyList */,
				7B267C9B2C33750000A1E84B /* Add  Currency */,
			);
			path = Currency;
			sourceTree = "<group>";
		};
		F3835D462BF2108D00D78E6B /* Record List View */ = {
			isa = PBXGroup;
			children = (
				F3835D472BF210BB00D78E6B /* SingleRecordItem.swift */,
				F3835D492BF210CA00D78E6B /* RecordListView.swift */,
				F3BD5C482BF2F1A900DB5F7A /* RecordHeaderView.swift */,
				F3F80D7B2C571A2B007A7298 /* RecordListVM.swift */,
			);
			path = "Record List View";
			sourceTree = "<group>";
		};
		F38FFE902BB39ACD0001DA36 /* Add Record Details View */ = {
			isa = PBXGroup;
			children = (
				F38FFE912BB39B210001DA36 /* AddRecordDetailsView.swift */,
				F38FFE932BB39ECC0001DA36 /* DropDownView.swift */,
				7B9BAA5C2C4CE1A2008757E3 /* AddRecordDetailsVM.swift */,
			);
			path = "Add Record Details View";
			sourceTree = "<group>";
		};
		F39A6D9F2BABF4410006E60E /* WebView */ = {
			isa = PBXGroup;
			children = (
				F39A6DA02BABF45C0006E60E /* WebViewTest.swift */,
			);
			path = WebView;
			sourceTree = "<group>";
		};
		F3A0A0CA2BB0F1BF00007ADB /* CircleWithIcon */ = {
			isa = PBXGroup;
			children = (
				F3A0A0CB2BB0F20D00007ADB /* ImageInBg.swift */,
			);
			path = CircleWithIcon;
			sourceTree = "<group>";
		};
		F3A0A0D32BB0F43E00007ADB /* Calculator */ = {
			isa = PBXGroup;
			children = (
				F3A0A0D62BB0F49B00007ADB /* SingleButton.swift */,
				F3A0A0D42BB0F47600007ADB /* CalculatorView.swift */,
			);
			path = Calculator;
			sourceTree = "<group>";
		};
		F3FCBA2F2C09BD8600576B7C /* DropDown */ = {
			isa = PBXGroup;
			children = (
				F3FCBA302C09BF9800576B7C /* CommonDropdownView.swift */,
			);
			path = DropDown;
			sourceTree = "<group>";
		};
/* End PBXGroup section */

/* Begin PBXNativeTarget section */
		7B07BDC12C61D1B70096540D /* eWallet_Tests */ = {
			isa = PBXNativeTarget;
			buildConfigurationList = 7B07BDCA2C61D1B70096540D /* Build configuration list for PBXNativeTarget "eWallet_Tests" */;
			buildPhases = (
				7B07BDBE2C61D1B70096540D /* Sources */,
				7B07BDBF2C61D1B70096540D /* Frameworks */,
				7B07BDC02C61D1B70096540D /* Resources */,
			);
			buildRules = (
			);
			dependencies = (
				7B07BDC72C61D1B70096540D /* PBXTargetDependency */,
			);
			name = eWallet_Tests;
			productName = eWallet_Tests;
			productReference = 7B07BDC22C61D1B70096540D /* eWallet_Tests.xctest */;
			productType = "com.apple.product-type.bundle.unit-test";
		};
		F34B452A2B8CBD1100434B42 /* eWallet */ = {
			isa = PBXNativeTarget;
			buildConfigurationList = F34B45392B8CBD1300434B42 /* Build configuration list for PBXNativeTarget "eWallet" */;
			buildPhases = (
				F34B45272B8CBD1100434B42 /* Sources */,
				F34B45282B8CBD1100434B42 /* Frameworks */,
				F34B45292B8CBD1100434B42 /* Resources */,
			);
			buildRules = (
			);
			dependencies = (
			);
			name = eWallet;
			productName = eWallet;
			productReference = F34B452B2B8CBD1100434B42 /* eWallet.app */;
			productType = "com.apple.product-type.application";
		};
/* End PBXNativeTarget section */

/* Begin PBXProject section */
		F34B45232B8CBD1100434B42 /* Project object */ = {
			isa = PBXProject;
			attributes = {
				BuildIndependentTargetsInParallel = 1;
				LastSwiftUpdateCheck = 1520;
				LastUpgradeCheck = 1520;
				TargetAttributes = {
					7B07BDC12C61D1B70096540D = {
						CreatedOnToolsVersion = 15.2;
						TestTargetID = F34B452A2B8CBD1100434B42;
					};
					F34B452A2B8CBD1100434B42 = {
						CreatedOnToolsVersion = 15.2;
					};
				};
			};
			buildConfigurationList = F34B45262B8CBD1100434B42 /* Build configuration list for PBXProject "eWallet" */;
			compatibilityVersion = "Xcode 14.0";
			developmentRegion = en;
			hasScannedForEncodings = 0;
			knownRegions = (
				en,
				Base,
			);
			mainGroup = F34B45222B8CBD1100434B42;
			productRefGroup = F34B452C2B8CBD1100434B42 /* Products */;
			projectDirPath = "";
			projectRoot = "";
			targets = (
				F34B452A2B8CBD1100434B42 /* eWallet */,
				7B07BDC12C61D1B70096540D /* eWallet_Tests */,
			);
		};
/* End PBXProject section */

/* Begin PBXResourcesBuildPhase section */
		7B07BDC02C61D1B70096540D /* Resources */ = {
			isa = PBXResourcesBuildPhase;
			buildActionMask = 2147483647;
			files = (
			);
			runOnlyForDeploymentPostprocessing = 0;
		};
		F34B45292B8CBD1100434B42 /* Resources */ = {
			isa = PBXResourcesBuildPhase;
			buildActionMask = 2147483647;
			files = (
				F34B45362B8CBD1300434B42 /* Preview Assets.xcassets in Resources */,
				F34B45332B8CBD1300434B42 /* Assets.xcassets in Resources */,
			);
			runOnlyForDeploymentPostprocessing = 0;
		};
/* End PBXResourcesBuildPhase section */

/* Begin PBXSourcesBuildPhase section */
		7B07BDBE2C61D1B70096540D /* Sources */ = {
			isa = PBXSourcesBuildPhase;
			buildActionMask = 2147483647;
			files = (
				7BAD48162C6B69CF00D795C6 /* CoreDataAccountTest.swift in Sources */,
				7B07BDC52C61D1B70096540D /* eWallet_Tests.swift in Sources */,
				7B07BDCC2C61D26D0096540D /* CDRecordRepository_Test.swift in Sources */,
			);
			runOnlyForDeploymentPostprocessing = 0;
		};
		F34B45272B8CBD1100434B42 /* Sources */ = {
			isa = PBXSourcesBuildPhase;
			buildActionMask = 2147483647;
			files = (
				7BC3C67E2C31195100E5B6E0 /* CurrencyDataRepository.swift in Sources */,
				7B267CA02C33756200A1E84B /* CurrencyListView.swift in Sources */,
				F3A0A0D72BB0F49B00007ADB /* SingleButton.swift in Sources */,
				F3033C942BB5C8D000ECBA71 /* CustomNavBarView.swift in Sources */,
				F3F80D802C5721D5007A7298 /* DoubleExt.swift in Sources */,
				F366D81C2BAA6F6800224835 /* SegmentedPickerItem.swift in Sources */,
				7B549A662C016AEB0054AD70 /* HomeVm.swift in Sources */,
				F366D80F2BAA647900224835 /* CustomSegmentedPickerExample.swift in Sources */,
				F3153B422C0A1351000DF53C /* AccountDataRepository.swift in Sources */,
				F3963E5B2C0AD45C009DA266 /* AlertData.swift in Sources */,
				F32746462BB6BF1700ECFDB7 /* AppNavBarView.swift in Sources */,
				F31B48212B8F327A00CE6575 /* AddAccountView.swift in Sources */,
				F3F80D7C2C571A2B007A7298 /* RecordListVM.swift in Sources */,
				F31BC8612C8150BE00A2DB94 /* TestModifierView.swift in Sources */,
				F39A6DA12BABF45C0006E60E /* WebViewTest.swift in Sources */,
				F317D98A2BAB02F0003BB60A /* RecordTypeSegmentedView.swift in Sources */,
				7BF0D2722C4C8CA900A34A5A /* CategoryDataRepository.swift in Sources */,
				7BA09A312C49FADA0047575C /* CreateRecordVM.swift in Sources */,
				F30448972C6DA29800A6485B /* OffsetModifier.swift in Sources */,
				F3835D4C2BF21CD200D78E6B /* ListData.swift in Sources */,
				7B821F092BF79DF300D3DC76 /* CoreDataManager.swift in Sources */,
				7BBBC79F2BB030E400B417E0 /* ChooseAccountItemView.swift in Sources */,
				F34B45572B8CEDE800434B42 /* AccountGridView.swift in Sources */,
				7B267CA62C33799600A1E84B /* CurrencyListVM.swift in Sources */,
				7BC3FAD42C4F38F50015A72C /* PreviewProvider.swift in Sources */,
				7BBBC79D2BB02FED00B417E0 /* AccountListView.swift in Sources */,
				F32326D02C0ACA060014498A /* DummyDataUtils.swift in Sources */,
				F38FFE922BB39B210001DA36 /* AddRecordDetailsView.swift in Sources */,
				7B267CA22C33770C00A1E84B /* SingleCurrencyListItem.swift in Sources */,
				F35A4AA82BB2BC3100345287 /* CategoryData.swift in Sources */,
				F3A0A0D52BB0F47600007ADB /* CalculatorView.swift in Sources */,
				F327464A2BB6C34D00ECFDB7 /* CustomNavLink.swift in Sources */,
				F3BD5C492BF2F1A900DB5F7A /* RecordHeaderView.swift in Sources */,
				F34B45532B8CED7A00434B42 /* HomeView.swift in Sources */,
				F343EB082BB811D100D356E9 /* CommonTopBar.swift in Sources */,
				F34B454E2B8CCDE300434B42 /* UIApplication.swift in Sources */,
				F3A0A0CC2BB0F20D00007ADB /* ImageInBg.swift in Sources */,
				F3835D4A2BF210CA00D78E6B /* RecordListView.swift in Sources */,
				F31B58332C6EEDE700C0772C /* AddAccountGridItemView.swift in Sources */,
				F3D6ED5A2C02FDC0003ED696 /* CDAccountRepository.swift in Sources */,
				F3FCBA312C09BF9800576B7C /* CommonDropdownView.swift in Sources */,
				F3153B462C0A14DD000DF53C /* AddAccountVM.swift in Sources */,
				F32746482BB6C0EB00ECFDB7 /* CustomNavView.swift in Sources */,
				F31BC85F2C814FE100A2DB94 /* DefaultBgModifier.swift in Sources */,
				F3D6A5A92BAAD58100EB3E80 /* SegmentedPickerIndicatorView.swift in Sources */,
				F32326CD2C0AC37F0014498A /* CustomAlertView.swift in Sources */,
				7B821F062BF79B1200D3DC76 /* CoreDataContainer.xcdatamodeld in Sources */,
				F317D9852BAAFDA1003BB60A /* RecordTypeEnum.swift in Sources */,
				F37A54FB2C04C82F0024CCE8 /* AddCurrencyViewModel.swift in Sources */,
				7BC3FADA2C4F76AB0015A72C /* CDRecordRepository.swift in Sources */,
				F32746442BB6B35100ECFDB7 /* CustomNavBarContainerView.swift in Sources */,
				F3D6ED5C2C030B23003ED696 /* CDCurrencyRepository.swift in Sources */,
				F366D80B2BAA5AA000224835 /* CreateRecordMainView.swift in Sources */,
				F324F5002BB98AF4002B5AAE /* TestAnimationView.swift in Sources */,
				F30448902C6D9A5B00A6485B /* ContentView.swift in Sources */,
				7B9BAA5D2C4CE1A2008757E3 /* AddRecordDetailsVM.swift in Sources */,
				7BC3FAD82C4F72E50015A72C /* RecordDataRepository.swift in Sources */,
				7B2C1C0D2C670BFD005C2D4B /* PinnedScrolledView.swift in Sources */,
				F327464C2BB6C6C700ECFDB7 /* CustomNavBarPreferenceKeys.swift in Sources */,
				7B821F0B2BF79E2200D3DC76 /* Constants.swift in Sources */,
				F34B454C2B8CCDE300434B42 /* String.swift in Sources */,
				F34B454A2B8CCDE300434B42 /* Date.swift in Sources */,
				7B821F112BF7B85300D3DC76 /* CategoryListVm.swift in Sources */,
				F34B45592B8CF2CD00434B42 /* AccountGridItemView.swift in Sources */,
				F3835D482BF210BB00D78E6B /* SingleRecordItem.swift in Sources */,
				F30448942C6D9F0C00A6485B /* CustomCorner.swift in Sources */,
				7BB9349A2BFA5A2000322AED /* CDCategoryRepository.swift in Sources */,
				7BF0D2702C4C883E00A34A5A /* AccountListVM.swift in Sources */,
				F3A0A0D22BB0F2A500007ADB /* SelectCatagoryView.swift in Sources */,
				F3B5BD1F2C057AA300ED9A7F /* AccountViewModel.swift in Sources */,
				7B28D0562C41993D00A84142 /* AccountGridVM.swift in Sources */,
				F30448922C6D9D2700A6485B /* TopBarView.swift in Sources */,
				F38FFE942BB39ECC0001DA36 /* DropDownView.swift in Sources */,
				F37A54F92C04BDD30024CCE8 /* AddCurrencyView.swift in Sources */,
				F34B454F2B8CCDE300434B42 /* Color.swift in Sources */,
				F3F80D7E2C572162007A7298 /* UtiltyHelper.swift in Sources */,
				F34B452F2B8CBD1100434B42 /* eWalletApp.swift in Sources */,
				F366D8112BAA655C00224835 /* CustomSegmentedPicker.swift in Sources */,
			);
			runOnlyForDeploymentPostprocessing = 0;
		};
/* End PBXSourcesBuildPhase section */

/* Begin PBXTargetDependency section */
		7B07BDC72C61D1B70096540D /* PBXTargetDependency */ = {
			isa = PBXTargetDependency;
			target = F34B452A2B8CBD1100434B42 /* eWallet */;
			targetProxy = 7B07BDC62C61D1B70096540D /* PBXContainerItemProxy */;
		};
/* End PBXTargetDependency section */

/* Begin XCBuildConfiguration section */
		7B07BDC82C61D1B70096540D /* Debug */ = {
			isa = XCBuildConfiguration;
			buildSettings = {
				BUNDLE_LOADER = "$(TEST_HOST)";
				CODE_SIGN_STYLE = Automatic;
				CURRENT_PROJECT_VERSION = 1;
				DEVELOPMENT_TEAM = G6F8ZTAKUJ;
				GENERATE_INFOPLIST_FILE = YES;
				MARKETING_VERSION = 1.0;
				PRODUCT_BUNDLE_IDENTIFIER = "com.Habibur.ewallet.eWallet-Tests";
				PRODUCT_NAME = "$(TARGET_NAME)";
				SWIFT_EMIT_LOC_STRINGS = NO;
				SWIFT_VERSION = 5.0;
				TARGETED_DEVICE_FAMILY = "1,2";
				TEST_HOST = "$(BUILT_PRODUCTS_DIR)/eWallet.app/$(BUNDLE_EXECUTABLE_FOLDER_PATH)/eWallet";
			};
			name = Debug;
		};
		7B07BDC92C61D1B70096540D /* Release */ = {
			isa = XCBuildConfiguration;
			buildSettings = {
				BUNDLE_LOADER = "$(TEST_HOST)";
				CODE_SIGN_STYLE = Automatic;
				CURRENT_PROJECT_VERSION = 1;
				DEVELOPMENT_TEAM = G6F8ZTAKUJ;
				GENERATE_INFOPLIST_FILE = YES;
				MARKETING_VERSION = 1.0;
				PRODUCT_BUNDLE_IDENTIFIER = "com.Habibur.ewallet.eWallet-Tests";
				PRODUCT_NAME = "$(TARGET_NAME)";
				SWIFT_EMIT_LOC_STRINGS = NO;
				SWIFT_VERSION = 5.0;
				TARGETED_DEVICE_FAMILY = "1,2";
				TEST_HOST = "$(BUILT_PRODUCTS_DIR)/eWallet.app/$(BUNDLE_EXECUTABLE_FOLDER_PATH)/eWallet";
			};
			name = Release;
		};
		F34B45372B8CBD1300434B42 /* Debug */ = {
			isa = XCBuildConfiguration;
			buildSettings = {
				ALWAYS_SEARCH_USER_PATHS = NO;
				ASSETCATALOG_COMPILER_GENERATE_SWIFT_ASSET_SYMBOL_EXTENSIONS = YES;
				CLANG_ANALYZER_NONNULL = YES;
				CLANG_ANALYZER_NUMBER_OBJECT_CONVERSION = YES_AGGRESSIVE;
				CLANG_CXX_LANGUAGE_STANDARD = "gnu++20";
				CLANG_ENABLE_MODULES = YES;
				CLANG_ENABLE_OBJC_ARC = YES;
				CLANG_ENABLE_OBJC_WEAK = YES;
				CLANG_WARN_BLOCK_CAPTURE_AUTORELEASING = YES;
				CLANG_WARN_BOOL_CONVERSION = YES;
				CLANG_WARN_COMMA = YES;
				CLANG_WARN_CONSTANT_CONVERSION = YES;
				CLANG_WARN_DEPRECATED_OBJC_IMPLEMENTATIONS = YES;
				CLANG_WARN_DIRECT_OBJC_ISA_USAGE = YES_ERROR;
				CLANG_WARN_DOCUMENTATION_COMMENTS = YES;
				CLANG_WARN_EMPTY_BODY = YES;
				CLANG_WARN_ENUM_CONVERSION = YES;
				CLANG_WARN_INFINITE_RECURSION = YES;
				CLANG_WARN_INT_CONVERSION = YES;
				CLANG_WARN_NON_LITERAL_NULL_CONVERSION = YES;
				CLANG_WARN_OBJC_IMPLICIT_RETAIN_SELF = YES;
				CLANG_WARN_OBJC_LITERAL_CONVERSION = YES;
				CLANG_WARN_OBJC_ROOT_CLASS = YES_ERROR;
				CLANG_WARN_QUOTED_INCLUDE_IN_FRAMEWORK_HEADER = YES;
				CLANG_WARN_RANGE_LOOP_ANALYSIS = YES;
				CLANG_WARN_STRICT_PROTOTYPES = YES;
				CLANG_WARN_SUSPICIOUS_MOVE = YES;
				CLANG_WARN_UNGUARDED_AVAILABILITY = YES_AGGRESSIVE;
				CLANG_WARN_UNREACHABLE_CODE = YES;
				CLANG_WARN__DUPLICATE_METHOD_MATCH = YES;
				COPY_PHASE_STRIP = NO;
				DEBUG_INFORMATION_FORMAT = dwarf;
				ENABLE_STRICT_OBJC_MSGSEND = YES;
				ENABLE_TESTABILITY = YES;
				ENABLE_USER_SCRIPT_SANDBOXING = YES;
				GCC_C_LANGUAGE_STANDARD = gnu17;
				GCC_DYNAMIC_NO_PIC = NO;
				GCC_NO_COMMON_BLOCKS = YES;
				GCC_OPTIMIZATION_LEVEL = 0;
				GCC_PREPROCESSOR_DEFINITIONS = (
					"DEBUG=1",
					"$(inherited)",
				);
				GCC_WARN_64_TO_32_BIT_CONVERSION = YES;
				GCC_WARN_ABOUT_RETURN_TYPE = YES_ERROR;
				GCC_WARN_UNDECLARED_SELECTOR = YES;
				GCC_WARN_UNINITIALIZED_AUTOS = YES_AGGRESSIVE;
				GCC_WARN_UNUSED_FUNCTION = YES;
				GCC_WARN_UNUSED_VARIABLE = YES;
				IPHONEOS_DEPLOYMENT_TARGET = 17.2;
				LOCALIZATION_PREFERS_STRING_CATALOGS = YES;
				MTL_ENABLE_DEBUG_INFO = INCLUDE_SOURCE;
				MTL_FAST_MATH = YES;
				ONLY_ACTIVE_ARCH = YES;
				SDKROOT = iphoneos;
				SWIFT_ACTIVE_COMPILATION_CONDITIONS = "DEBUG $(inherited)";
				SWIFT_OPTIMIZATION_LEVEL = "-Onone";
			};
			name = Debug;
		};
		F34B45382B8CBD1300434B42 /* Release */ = {
			isa = XCBuildConfiguration;
			buildSettings = {
				ALWAYS_SEARCH_USER_PATHS = NO;
				ASSETCATALOG_COMPILER_GENERATE_SWIFT_ASSET_SYMBOL_EXTENSIONS = YES;
				CLANG_ANALYZER_NONNULL = YES;
				CLANG_ANALYZER_NUMBER_OBJECT_CONVERSION = YES_AGGRESSIVE;
				CLANG_CXX_LANGUAGE_STANDARD = "gnu++20";
				CLANG_ENABLE_MODULES = YES;
				CLANG_ENABLE_OBJC_ARC = YES;
				CLANG_ENABLE_OBJC_WEAK = YES;
				CLANG_WARN_BLOCK_CAPTURE_AUTORELEASING = YES;
				CLANG_WARN_BOOL_CONVERSION = YES;
				CLANG_WARN_COMMA = YES;
				CLANG_WARN_CONSTANT_CONVERSION = YES;
				CLANG_WARN_DEPRECATED_OBJC_IMPLEMENTATIONS = YES;
				CLANG_WARN_DIRECT_OBJC_ISA_USAGE = YES_ERROR;
				CLANG_WARN_DOCUMENTATION_COMMENTS = YES;
				CLANG_WARN_EMPTY_BODY = YES;
				CLANG_WARN_ENUM_CONVERSION = YES;
				CLANG_WARN_INFINITE_RECURSION = YES;
				CLANG_WARN_INT_CONVERSION = YES;
				CLANG_WARN_NON_LITERAL_NULL_CONVERSION = YES;
				CLANG_WARN_OBJC_IMPLICIT_RETAIN_SELF = YES;
				CLANG_WARN_OBJC_LITERAL_CONVERSION = YES;
				CLANG_WARN_OBJC_ROOT_CLASS = YES_ERROR;
				CLANG_WARN_QUOTED_INCLUDE_IN_FRAMEWORK_HEADER = YES;
				CLANG_WARN_RANGE_LOOP_ANALYSIS = YES;
				CLANG_WARN_STRICT_PROTOTYPES = YES;
				CLANG_WARN_SUSPICIOUS_MOVE = YES;
				CLANG_WARN_UNGUARDED_AVAILABILITY = YES_AGGRESSIVE;
				CLANG_WARN_UNREACHABLE_CODE = YES;
				CLANG_WARN__DUPLICATE_METHOD_MATCH = YES;
				COPY_PHASE_STRIP = NO;
				DEBUG_INFORMATION_FORMAT = "dwarf-with-dsym";
				ENABLE_NS_ASSERTIONS = NO;
				ENABLE_STRICT_OBJC_MSGSEND = YES;
				ENABLE_USER_SCRIPT_SANDBOXING = YES;
				GCC_C_LANGUAGE_STANDARD = gnu17;
				GCC_NO_COMMON_BLOCKS = YES;
				GCC_WARN_64_TO_32_BIT_CONVERSION = YES;
				GCC_WARN_ABOUT_RETURN_TYPE = YES_ERROR;
				GCC_WARN_UNDECLARED_SELECTOR = YES;
				GCC_WARN_UNINITIALIZED_AUTOS = YES_AGGRESSIVE;
				GCC_WARN_UNUSED_FUNCTION = YES;
				GCC_WARN_UNUSED_VARIABLE = YES;
				IPHONEOS_DEPLOYMENT_TARGET = 17.2;
				LOCALIZATION_PREFERS_STRING_CATALOGS = YES;
				MTL_ENABLE_DEBUG_INFO = NO;
				MTL_FAST_MATH = YES;
				SDKROOT = iphoneos;
				SWIFT_COMPILATION_MODE = wholemodule;
				VALIDATE_PRODUCT = YES;
			};
			name = Release;
		};
		F34B453A2B8CBD1300434B42 /* Debug */ = {
			isa = XCBuildConfiguration;
			buildSettings = {
				ASSETCATALOG_COMPILER_APPICON_NAME = AppIcon;
				ASSETCATALOG_COMPILER_GLOBAL_ACCENT_COLOR_NAME = AccentColor;
				CODE_SIGN_IDENTITY = "Apple Development";
				CODE_SIGN_STYLE = Automatic;
				CURRENT_PROJECT_VERSION = 1;
				DEVELOPMENT_ASSET_PATHS = "\"eWallet/Preview Content\"";
				DEVELOPMENT_TEAM = "";
				ENABLE_PREVIEWS = YES;
				GENERATE_INFOPLIST_FILE = YES;
				INFOPLIST_FILE = eWallet/Info.plist;
				INFOPLIST_KEY_UIApplicationSceneManifest_Generation = YES;
				INFOPLIST_KEY_UIApplicationSupportsIndirectInputEvents = YES;
				INFOPLIST_KEY_UILaunchScreen_Generation = YES;
				INFOPLIST_KEY_UISupportedInterfaceOrientations_iPad = "UIInterfaceOrientationPortrait UIInterfaceOrientationPortraitUpsideDown UIInterfaceOrientationLandscapeLeft UIInterfaceOrientationLandscapeRight";
				INFOPLIST_KEY_UISupportedInterfaceOrientations_iPhone = "UIInterfaceOrientationPortrait UIInterfaceOrientationLandscapeLeft UIInterfaceOrientationLandscapeRight";
				LD_RUNPATH_SEARCH_PATHS = (
					"$(inherited)",
					"@executable_path/Frameworks",
				);
				MARKETING_VERSION = 1.0;
				PRODUCT_BUNDLE_IDENTIFIER = HabiburRahman.eWallet;
				PRODUCT_NAME = "$(TARGET_NAME)";
				PROVISIONING_PROFILE_SPECIFIER = "";
				SWIFT_EMIT_LOC_STRINGS = YES;
				SWIFT_VERSION = 5.0;
				TARGETED_DEVICE_FAMILY = "1,2";
			};
			name = Debug;
		};
		F34B453B2B8CBD1300434B42 /* Release */ = {
			isa = XCBuildConfiguration;
			buildSettings = {
				ASSETCATALOG_COMPILER_APPICON_NAME = AppIcon;
				ASSETCATALOG_COMPILER_GLOBAL_ACCENT_COLOR_NAME = AccentColor;
				CODE_SIGN_IDENTITY = "Apple Development";
				CODE_SIGN_STYLE = Automatic;
				CURRENT_PROJECT_VERSION = 1;
				DEVELOPMENT_ASSET_PATHS = "\"eWallet/Preview Content\"";
				DEVELOPMENT_TEAM = "";
				ENABLE_PREVIEWS = YES;
				GENERATE_INFOPLIST_FILE = YES;
				INFOPLIST_FILE = eWallet/Info.plist;
				INFOPLIST_KEY_UIApplicationSceneManifest_Generation = YES;
				INFOPLIST_KEY_UIApplicationSupportsIndirectInputEvents = YES;
				INFOPLIST_KEY_UILaunchScreen_Generation = YES;
				INFOPLIST_KEY_UISupportedInterfaceOrientations_iPad = "UIInterfaceOrientationPortrait UIInterfaceOrientationPortraitUpsideDown UIInterfaceOrientationLandscapeLeft UIInterfaceOrientationLandscapeRight";
				INFOPLIST_KEY_UISupportedInterfaceOrientations_iPhone = "UIInterfaceOrientationPortrait UIInterfaceOrientationLandscapeLeft UIInterfaceOrientationLandscapeRight";
				LD_RUNPATH_SEARCH_PATHS = (
					"$(inherited)",
					"@executable_path/Frameworks",
				);
				MARKETING_VERSION = 1.0;
				PRODUCT_BUNDLE_IDENTIFIER = HabiburRahman.eWallet;
				PRODUCT_NAME = "$(TARGET_NAME)";
				PROVISIONING_PROFILE_SPECIFIER = "";
				SWIFT_EMIT_LOC_STRINGS = YES;
				SWIFT_VERSION = 5.0;
				TARGETED_DEVICE_FAMILY = "1,2";
			};
			name = Release;
		};
/* End XCBuildConfiguration section */

/* Begin XCConfigurationList section */
		7B07BDCA2C61D1B70096540D /* Build configuration list for PBXNativeTarget "eWallet_Tests" */ = {
			isa = XCConfigurationList;
			buildConfigurations = (
				7B07BDC82C61D1B70096540D /* Debug */,
				7B07BDC92C61D1B70096540D /* Release */,
			);
			defaultConfigurationIsVisible = 0;
			defaultConfigurationName = Release;
		};
		F34B45262B8CBD1100434B42 /* Build configuration list for PBXProject "eWallet" */ = {
			isa = XCConfigurationList;
			buildConfigurations = (
				F34B45372B8CBD1300434B42 /* Debug */,
				F34B45382B8CBD1300434B42 /* Release */,
			);
			defaultConfigurationIsVisible = 0;
			defaultConfigurationName = Release;
		};
		F34B45392B8CBD1300434B42 /* Build configuration list for PBXNativeTarget "eWallet" */ = {
			isa = XCConfigurationList;
			buildConfigurations = (
				F34B453A2B8CBD1300434B42 /* Debug */,
				F34B453B2B8CBD1300434B42 /* Release */,
			);
			defaultConfigurationIsVisible = 0;
			defaultConfigurationName = Release;
		};
/* End XCConfigurationList section */

/* Begin XCVersionGroup section */
		7B821F042BF79B1200D3DC76 /* CoreDataContainer.xcdatamodeld */ = {
			isa = XCVersionGroup;
			children = (
				7B821F052BF79B1200D3DC76 /* localDb.xcdatamodel */,
			);
			currentVersion = 7B821F052BF79B1200D3DC76 /* localDb.xcdatamodel */;
			path = CoreDataContainer.xcdatamodeld;
			sourceTree = "<group>";
			versionGroupType = wrapper.xcdatamodel;
		};
/* End XCVersionGroup section */
	};
	rootObject = F34B45232B8CBD1100434B42 /* Project object */;
}
