// !$*UTF8*$!
{
	archiveVersion = 1;
	classes = {
	};
	objectVersion = 56;
	objects = {

/* Begin PBXBuildFile section */
		7BBBC79D2BB02FED00B417E0 /* ChooseAccountView.swift in Sources */ = {isa = PBXBuildFile; fileRef = 7BBBC79C2BB02FED00B417E0 /* ChooseAccountView.swift */; };
		7BBBC79F2BB030E400B417E0 /* ChooseAccountItemView.swift in Sources */ = {isa = PBXBuildFile; fileRef = 7BBBC79E2BB030E400B417E0 /* ChooseAccountItemView.swift */; };
		F3033C942BB5C8D000ECBA71 /* CustomNavBarView.swift in Sources */ = {isa = PBXBuildFile; fileRef = F3033C932BB5C8D000ECBA71 /* CustomNavBarView.swift */; };
		F317D9852BAAFDA1003BB60A /* RecordTypeEnum.swift in Sources */ = {isa = PBXBuildFile; fileRef = F317D9842BAAFDA1003BB60A /* RecordTypeEnum.swift */; };
		F317D98A2BAB02F0003BB60A /* RecordTypeSegmentedView.swift in Sources */ = {isa = PBXBuildFile; fileRef = F317D9892BAB02F0003BB60A /* RecordTypeSegmentedView.swift */; };
		F31B48212B8F327A00CE6575 /* AddAccountFormView.swift in Sources */ = {isa = PBXBuildFile; fileRef = F31B48202B8F327A00CE6575 /* AddAccountFormView.swift */; };
		F324F5002BB98AF4002B5AAE /* TestAnimationView.swift in Sources */ = {isa = PBXBuildFile; fileRef = F324F4FF2BB98AF4002B5AAE /* TestAnimationView.swift */; };
		F32746442BB6B35100ECFDB7 /* CustomNavBarContainerView.swift in Sources */ = {isa = PBXBuildFile; fileRef = F32746432BB6B35100ECFDB7 /* CustomNavBarContainerView.swift */; };
		F32746462BB6BF1700ECFDB7 /* AppNavBarView.swift in Sources */ = {isa = PBXBuildFile; fileRef = F32746452BB6BF1700ECFDB7 /* AppNavBarView.swift */; };
		F32746482BB6C0EB00ECFDB7 /* CustomNavView.swift in Sources */ = {isa = PBXBuildFile; fileRef = F32746472BB6C0EB00ECFDB7 /* CustomNavView.swift */; };
		F327464A2BB6C34D00ECFDB7 /* CustomNavLink.swift in Sources */ = {isa = PBXBuildFile; fileRef = F32746492BB6C34D00ECFDB7 /* CustomNavLink.swift */; };
		F327464C2BB6C6C700ECFDB7 /* CustomNavBarPreferenceKeys.swift in Sources */ = {isa = PBXBuildFile; fileRef = F327464B2BB6C6C700ECFDB7 /* CustomNavBarPreferenceKeys.swift */; };
		F343EB082BB811D100D356E9 /* CommonTopBar.swift in Sources */ = {isa = PBXBuildFile; fileRef = F343EB072BB811D100D356E9 /* CommonTopBar.swift */; };
		F343EB0B2BB8145500D356E9 /* DataUtility.swift in Sources */ = {isa = PBXBuildFile; fileRef = F343EB0A2BB8145500D356E9 /* DataUtility.swift */; };
		F34B452F2B8CBD1100434B42 /* eWalletApp.swift in Sources */ = {isa = PBXBuildFile; fileRef = F34B452E2B8CBD1100434B42 /* eWalletApp.swift */; };
		F34B45312B8CBD1100434B42 /* ContentView.swift in Sources */ = {isa = PBXBuildFile; fileRef = F34B45302B8CBD1100434B42 /* ContentView.swift */; };
		F34B45332B8CBD1300434B42 /* Assets.xcassets in Resources */ = {isa = PBXBuildFile; fileRef = F34B45322B8CBD1300434B42 /* Assets.xcassets */; };
		F34B45362B8CBD1300434B42 /* Preview Assets.xcassets in Resources */ = {isa = PBXBuildFile; fileRef = F34B45352B8CBD1300434B42 /* Preview Assets.xcassets */; };
		F34B454A2B8CCDE300434B42 /* Date.swift in Sources */ = {isa = PBXBuildFile; fileRef = F34B45442B8CCDE300434B42 /* Date.swift */; };
		F34B454C2B8CCDE300434B42 /* String.swift in Sources */ = {isa = PBXBuildFile; fileRef = F34B45462B8CCDE300434B42 /* String.swift */; };
		F34B454E2B8CCDE300434B42 /* UIApplication.swift in Sources */ = {isa = PBXBuildFile; fileRef = F34B45482B8CCDE300434B42 /* UIApplication.swift */; };
		F34B454F2B8CCDE300434B42 /* Color.swift in Sources */ = {isa = PBXBuildFile; fileRef = F34B45492B8CCDE300434B42 /* Color.swift */; };
		F34B45532B8CED7A00434B42 /* HomeView.swift in Sources */ = {isa = PBXBuildFile; fileRef = F34B45522B8CED7A00434B42 /* HomeView.swift */; };
		F34B45572B8CEDE800434B42 /* AccountsListView.swift in Sources */ = {isa = PBXBuildFile; fileRef = F34B45562B8CEDE800434B42 /* AccountsListView.swift */; };
		F34B45592B8CF2CD00434B42 /* AccountGridItemView.swift in Sources */ = {isa = PBXBuildFile; fileRef = F34B45582B8CF2CD00434B42 /* AccountGridItemView.swift */; };
		F35A4AA82BB2BC3100345287 /* CategoryData.swift in Sources */ = {isa = PBXBuildFile; fileRef = F35A4AA72BB2BC3100345287 /* CategoryData.swift */; };
		F366D80B2BAA5AA000224835 /* CreateRecordMainView.swift in Sources */ = {isa = PBXBuildFile; fileRef = F366D80A2BAA5AA000224835 /* CreateRecordMainView.swift */; };
		F366D80F2BAA647900224835 /* CustomSegmentedPickerExample.swift in Sources */ = {isa = PBXBuildFile; fileRef = F366D80E2BAA647900224835 /* CustomSegmentedPickerExample.swift */; };
		F366D8112BAA655C00224835 /* CustomSegmentedPicker.swift in Sources */ = {isa = PBXBuildFile; fileRef = F366D8102BAA655C00224835 /* CustomSegmentedPicker.swift */; };
		F366D81C2BAA6F6800224835 /* SegmentedPickerItem.swift in Sources */ = {isa = PBXBuildFile; fileRef = F366D81B2BAA6F6800224835 /* SegmentedPickerItem.swift */; };
		F3835D482BF210BB00D78E6B /* SingleRecordItem.swift in Sources */ = {isa = PBXBuildFile; fileRef = F3835D472BF210BB00D78E6B /* SingleRecordItem.swift */; };
		F3835D4A2BF210CA00D78E6B /* RecordListItem.swift in Sources */ = {isa = PBXBuildFile; fileRef = F3835D492BF210CA00D78E6B /* RecordListItem.swift */; };
		F3835D4C2BF21CD200D78E6B /* ListData.swift in Sources */ = {isa = PBXBuildFile; fileRef = F3835D4B2BF21CD200D78E6B /* ListData.swift */; };
		F38FFE922BB39B210001DA36 /* AddRecordDetailsView.swift in Sources */ = {isa = PBXBuildFile; fileRef = F38FFE912BB39B210001DA36 /* AddRecordDetailsView.swift */; };
		F38FFE942BB39ECC0001DA36 /* DropDownView.swift in Sources */ = {isa = PBXBuildFile; fileRef = F38FFE932BB39ECC0001DA36 /* DropDownView.swift */; };
		F39A6DA12BABF45C0006E60E /* WebViewTest.swift in Sources */ = {isa = PBXBuildFile; fileRef = F39A6DA02BABF45C0006E60E /* WebViewTest.swift */; };
		F3A0A0CC2BB0F20D00007ADB /* SingleCircleItem.swift in Sources */ = {isa = PBXBuildFile; fileRef = F3A0A0CB2BB0F20D00007ADB /* SingleCircleItem.swift */; };
		F3A0A0CE2BB0F25300007ADB /* RecentCatagoryItem.swift in Sources */ = {isa = PBXBuildFile; fileRef = F3A0A0CD2BB0F25300007ADB /* RecentCatagoryItem.swift */; };
		F3A0A0D02BB0F26800007ADB /* AllCatagoryItem.swift in Sources */ = {isa = PBXBuildFile; fileRef = F3A0A0CF2BB0F26800007ADB /* AllCatagoryItem.swift */; };
		F3A0A0D22BB0F2A500007ADB /* SelectCatagoryView.swift in Sources */ = {isa = PBXBuildFile; fileRef = F3A0A0D12BB0F2A500007ADB /* SelectCatagoryView.swift */; };
		F3A0A0D52BB0F47600007ADB /* CalculatorView.swift in Sources */ = {isa = PBXBuildFile; fileRef = F3A0A0D42BB0F47600007ADB /* CalculatorView.swift */; };
		F3A0A0D72BB0F49B00007ADB /* SingleButton.swift in Sources */ = {isa = PBXBuildFile; fileRef = F3A0A0D62BB0F49B00007ADB /* SingleButton.swift */; };
		F3BD5C492BF2F1A900DB5F7A /* RecordHeaderView.swift in Sources */ = {isa = PBXBuildFile; fileRef = F3BD5C482BF2F1A900DB5F7A /* RecordHeaderView.swift */; };
		F3D6A5A92BAAD58100EB3E80 /* SegmentedPickerIndicatorView.swift in Sources */ = {isa = PBXBuildFile; fileRef = F3D6A5A82BAAD58100EB3E80 /* SegmentedPickerIndicatorView.swift */; };
/* End PBXBuildFile section */

/* Begin PBXFileReference section */
		7BBBC79C2BB02FED00B417E0 /* ChooseAccountView.swift */ = {isa = PBXFileReference; lastKnownFileType = sourcecode.swift; path = ChooseAccountView.swift; sourceTree = "<group>"; };
		7BBBC79E2BB030E400B417E0 /* ChooseAccountItemView.swift */ = {isa = PBXFileReference; lastKnownFileType = sourcecode.swift; path = ChooseAccountItemView.swift; sourceTree = "<group>"; };
		F3033C932BB5C8D000ECBA71 /* CustomNavBarView.swift */ = {isa = PBXFileReference; lastKnownFileType = sourcecode.swift; path = CustomNavBarView.swift; sourceTree = "<group>"; };
		F317D9842BAAFDA1003BB60A /* RecordTypeEnum.swift */ = {isa = PBXFileReference; lastKnownFileType = sourcecode.swift; path = RecordTypeEnum.swift; sourceTree = "<group>"; };
		F317D9892BAB02F0003BB60A /* RecordTypeSegmentedView.swift */ = {isa = PBXFileReference; lastKnownFileType = sourcecode.swift; path = RecordTypeSegmentedView.swift; sourceTree = "<group>"; };
		F31B48202B8F327A00CE6575 /* AddAccountFormView.swift */ = {isa = PBXFileReference; lastKnownFileType = sourcecode.swift; path = AddAccountFormView.swift; sourceTree = "<group>"; };
		F324F4FF2BB98AF4002B5AAE /* TestAnimationView.swift */ = {isa = PBXFileReference; lastKnownFileType = sourcecode.swift; path = TestAnimationView.swift; sourceTree = "<group>"; };
		F32746432BB6B35100ECFDB7 /* CustomNavBarContainerView.swift */ = {isa = PBXFileReference; lastKnownFileType = sourcecode.swift; path = CustomNavBarContainerView.swift; sourceTree = "<group>"; };
		F32746452BB6BF1700ECFDB7 /* AppNavBarView.swift */ = {isa = PBXFileReference; lastKnownFileType = sourcecode.swift; path = AppNavBarView.swift; sourceTree = "<group>"; };
		F32746472BB6C0EB00ECFDB7 /* CustomNavView.swift */ = {isa = PBXFileReference; lastKnownFileType = sourcecode.swift; path = CustomNavView.swift; sourceTree = "<group>"; };
		F32746492BB6C34D00ECFDB7 /* CustomNavLink.swift */ = {isa = PBXFileReference; lastKnownFileType = sourcecode.swift; path = CustomNavLink.swift; sourceTree = "<group>"; };
		F327464B2BB6C6C700ECFDB7 /* CustomNavBarPreferenceKeys.swift */ = {isa = PBXFileReference; lastKnownFileType = sourcecode.swift; path = CustomNavBarPreferenceKeys.swift; sourceTree = "<group>"; };
		F343EB072BB811D100D356E9 /* CommonTopBar.swift */ = {isa = PBXFileReference; lastKnownFileType = sourcecode.swift; path = CommonTopBar.swift; sourceTree = "<group>"; };
		F343EB0A2BB8145500D356E9 /* DataUtility.swift */ = {isa = PBXFileReference; lastKnownFileType = sourcecode.swift; path = DataUtility.swift; sourceTree = "<group>"; };
		F34B452B2B8CBD1100434B42 /* eWallet.app */ = {isa = PBXFileReference; explicitFileType = wrapper.application; includeInIndex = 0; path = eWallet.app; sourceTree = BUILT_PRODUCTS_DIR; };
		F34B452E2B8CBD1100434B42 /* eWalletApp.swift */ = {isa = PBXFileReference; lastKnownFileType = sourcecode.swift; path = eWalletApp.swift; sourceTree = "<group>"; };
		F34B45302B8CBD1100434B42 /* ContentView.swift */ = {isa = PBXFileReference; lastKnownFileType = sourcecode.swift; path = ContentView.swift; sourceTree = "<group>"; };
		F34B45322B8CBD1300434B42 /* Assets.xcassets */ = {isa = PBXFileReference; lastKnownFileType = folder.assetcatalog; path = Assets.xcassets; sourceTree = "<group>"; };
		F34B45352B8CBD1300434B42 /* Preview Assets.xcassets */ = {isa = PBXFileReference; lastKnownFileType = folder.assetcatalog; path = "Preview Assets.xcassets"; sourceTree = "<group>"; };
		F34B45442B8CCDE300434B42 /* Date.swift */ = {isa = PBXFileReference; fileEncoding = 4; lastKnownFileType = sourcecode.swift; path = Date.swift; sourceTree = "<group>"; };
		F34B45462B8CCDE300434B42 /* String.swift */ = {isa = PBXFileReference; fileEncoding = 4; lastKnownFileType = sourcecode.swift; path = String.swift; sourceTree = "<group>"; };
		F34B45482B8CCDE300434B42 /* UIApplication.swift */ = {isa = PBXFileReference; fileEncoding = 4; lastKnownFileType = sourcecode.swift; path = UIApplication.swift; sourceTree = "<group>"; };
		F34B45492B8CCDE300434B42 /* Color.swift */ = {isa = PBXFileReference; fileEncoding = 4; lastKnownFileType = sourcecode.swift; path = Color.swift; sourceTree = "<group>"; };
		F34B45522B8CED7A00434B42 /* HomeView.swift */ = {isa = PBXFileReference; lastKnownFileType = sourcecode.swift; path = HomeView.swift; sourceTree = "<group>"; };
		F34B45562B8CEDE800434B42 /* AccountsListView.swift */ = {isa = PBXFileReference; lastKnownFileType = sourcecode.swift; path = AccountsListView.swift; sourceTree = "<group>"; };
		F34B45582B8CF2CD00434B42 /* AccountGridItemView.swift */ = {isa = PBXFileReference; lastKnownFileType = sourcecode.swift; path = AccountGridItemView.swift; sourceTree = "<group>"; };
		F35A4AA72BB2BC3100345287 /* CategoryData.swift */ = {isa = PBXFileReference; lastKnownFileType = sourcecode.swift; path = CategoryData.swift; sourceTree = "<group>"; };
		F366D80A2BAA5AA000224835 /* CreateRecordMainView.swift */ = {isa = PBXFileReference; lastKnownFileType = sourcecode.swift; path = CreateRecordMainView.swift; sourceTree = "<group>"; };
		F366D80E2BAA647900224835 /* CustomSegmentedPickerExample.swift */ = {isa = PBXFileReference; lastKnownFileType = sourcecode.swift; path = CustomSegmentedPickerExample.swift; sourceTree = "<group>"; };
		F366D8102BAA655C00224835 /* CustomSegmentedPicker.swift */ = {isa = PBXFileReference; lastKnownFileType = sourcecode.swift; path = CustomSegmentedPicker.swift; sourceTree = "<group>"; };
		F366D81B2BAA6F6800224835 /* SegmentedPickerItem.swift */ = {isa = PBXFileReference; fileEncoding = 4; lastKnownFileType = sourcecode.swift; path = SegmentedPickerItem.swift; sourceTree = "<group>"; };
		F3835D472BF210BB00D78E6B /* SingleRecordItem.swift */ = {isa = PBXFileReference; lastKnownFileType = sourcecode.swift; path = SingleRecordItem.swift; sourceTree = "<group>"; };
		F3835D492BF210CA00D78E6B /* RecordListItem.swift */ = {isa = PBXFileReference; lastKnownFileType = sourcecode.swift; path = RecordListItem.swift; sourceTree = "<group>"; };
		F3835D4B2BF21CD200D78E6B /* ListData.swift */ = {isa = PBXFileReference; lastKnownFileType = sourcecode.swift; path = ListData.swift; sourceTree = "<group>"; };
		F38FFE912BB39B210001DA36 /* AddRecordDetailsView.swift */ = {isa = PBXFileReference; lastKnownFileType = sourcecode.swift; path = AddRecordDetailsView.swift; sourceTree = "<group>"; };
		F38FFE932BB39ECC0001DA36 /* DropDownView.swift */ = {isa = PBXFileReference; lastKnownFileType = sourcecode.swift; path = DropDownView.swift; sourceTree = "<group>"; };
		F39A6DA02BABF45C0006E60E /* WebViewTest.swift */ = {isa = PBXFileReference; lastKnownFileType = sourcecode.swift; path = WebViewTest.swift; sourceTree = "<group>"; };
		F39A6DA22BABFE2B0006E60E /* Info.plist */ = {isa = PBXFileReference; lastKnownFileType = text.plist; path = Info.plist; sourceTree = "<group>"; };
		F3A0A0CB2BB0F20D00007ADB /* SingleCircleItem.swift */ = {isa = PBXFileReference; lastKnownFileType = sourcecode.swift; path = SingleCircleItem.swift; sourceTree = "<group>"; };
		F3A0A0CD2BB0F25300007ADB /* RecentCatagoryItem.swift */ = {isa = PBXFileReference; lastKnownFileType = sourcecode.swift; path = RecentCatagoryItem.swift; sourceTree = "<group>"; };
		F3A0A0CF2BB0F26800007ADB /* AllCatagoryItem.swift */ = {isa = PBXFileReference; lastKnownFileType = sourcecode.swift; path = AllCatagoryItem.swift; sourceTree = "<group>"; };
		F3A0A0D12BB0F2A500007ADB /* SelectCatagoryView.swift */ = {isa = PBXFileReference; lastKnownFileType = sourcecode.swift; path = SelectCatagoryView.swift; sourceTree = "<group>"; };
		F3A0A0D42BB0F47600007ADB /* CalculatorView.swift */ = {isa = PBXFileReference; lastKnownFileType = sourcecode.swift; path = CalculatorView.swift; sourceTree = "<group>"; };
		F3A0A0D62BB0F49B00007ADB /* SingleButton.swift */ = {isa = PBXFileReference; lastKnownFileType = sourcecode.swift; path = SingleButton.swift; sourceTree = "<group>"; };
		F3BD5C482BF2F1A900DB5F7A /* RecordHeaderView.swift */ = {isa = PBXFileReference; lastKnownFileType = sourcecode.swift; path = RecordHeaderView.swift; sourceTree = "<group>"; };
		F3D6A5A82BAAD58100EB3E80 /* SegmentedPickerIndicatorView.swift */ = {isa = PBXFileReference; lastKnownFileType = sourcecode.swift; path = SegmentedPickerIndicatorView.swift; sourceTree = "<group>"; };
/* End PBXFileReference section */

/* Begin PBXFrameworksBuildPhase section */
		F34B45282B8CBD1100434B42 /* Frameworks */ = {
			isa = PBXFrameworksBuildPhase;
			buildActionMask = 2147483647;
			files = (
			);
			runOnlyForDeploymentPostprocessing = 0;
		};
/* End PBXFrameworksBuildPhase section */

/* Begin PBXGroup section */
		7BBBC79B2BB02FB400B417E0 /* Choose Account */ = {
			isa = PBXGroup;
			children = (
				7BBBC79C2BB02FED00B417E0 /* ChooseAccountView.swift */,
				7BBBC79E2BB030E400B417E0 /* ChooseAccountItemView.swift */,
			);
			path = "Choose Account";
			sourceTree = "<group>";
		};
		F30060FD2BB52964009C7D64 /* Select category */ = {
			isa = PBXGroup;
			children = (
				F3A0A0CD2BB0F25300007ADB /* RecentCatagoryItem.swift */,
				F3A0A0CF2BB0F26800007ADB /* AllCatagoryItem.swift */,
				F3A0A0D12BB0F2A500007ADB /* SelectCatagoryView.swift */,
			);
			path = "Select category";
			sourceTree = "<group>";
		};
		F3033C902BB5C88300ECBA71 /* CommonToolBar */ = {
			isa = PBXGroup;
			children = (
				F3033C932BB5C8D000ECBA71 /* CustomNavBarView.swift */,
				F32746432BB6B35100ECFDB7 /* CustomNavBarContainerView.swift */,
				F32746452BB6BF1700ECFDB7 /* AppNavBarView.swift */,
				F32746472BB6C0EB00ECFDB7 /* CustomNavView.swift */,
				F32746492BB6C34D00ECFDB7 /* CustomNavLink.swift */,
				F327464B2BB6C6C700ECFDB7 /* CustomNavBarPreferenceKeys.swift */,
			);
			path = CommonToolBar;
			sourceTree = "<group>";
		};
		F317D9862BAAFDA9003BB60A /* Enums */ = {
			isa = PBXGroup;
			children = (
				F317D9842BAAFDA1003BB60A /* RecordTypeEnum.swift */,
			);
			path = Enums;
			sourceTree = "<group>";
		};
		F324F4FE2BB98AE8002B5AAE /* Test */ = {
			isa = PBXGroup;
			children = (
				F324F4FF2BB98AF4002B5AAE /* TestAnimationView.swift */,
			);
			path = Test;
			sourceTree = "<group>";
		};
		F343EB062BB8119300D356E9 /* TopBar */ = {
			isa = PBXGroup;
			children = (
				F343EB072BB811D100D356E9 /* CommonTopBar.swift */,
			);
			path = TopBar;
			sourceTree = "<group>";
		};
		F343EB092BB8143E00D356E9 /* Utility */ = {
			isa = PBXGroup;
			children = (
				F343EB0A2BB8145500D356E9 /* DataUtility.swift */,
			);
			path = Utility;
			sourceTree = "<group>";
		};
		F34B45222B8CBD1100434B42 = {
			isa = PBXGroup;
			children = (
				F34B452D2B8CBD1100434B42 /* eWallet */,
				F34B452C2B8CBD1100434B42 /* Products */,
			);
			sourceTree = "<group>";
		};
		F34B452C2B8CBD1100434B42 /* Products */ = {
			isa = PBXGroup;
			children = (
				F34B452B2B8CBD1100434B42 /* eWallet.app */,
			);
			name = Products;
			sourceTree = "<group>";
		};
		F34B452D2B8CBD1100434B42 /* eWallet */ = {
			isa = PBXGroup;
			children = (
				F35A4AA62BB2BC1300345287 /* Data */,
				F39A6DA22BABFE2B0006E60E /* Info.plist */,
				F317D9862BAAFDA9003BB60A /* Enums */,
				F34B45502B8CED5D00434B42 /* View */,
				F34B45432B8CCDE300434B42 /* Extensions */,
				F343EB092BB8143E00D356E9 /* Utility */,
				F34B452E2B8CBD1100434B42 /* eWalletApp.swift */,
				F34B45302B8CBD1100434B42 /* ContentView.swift */,
				F34B45322B8CBD1300434B42 /* Assets.xcassets */,
				F34B45342B8CBD1300434B42 /* Preview Content */,
			);
			path = eWallet;
			sourceTree = "<group>";
		};
		F34B45342B8CBD1300434B42 /* Preview Content */ = {
			isa = PBXGroup;
			children = (
				F34B45352B8CBD1300434B42 /* Preview Assets.xcassets */,
			);
			path = "Preview Content";
			sourceTree = "<group>";
		};
		F34B45432B8CCDE300434B42 /* Extensions */ = {
			isa = PBXGroup;
			children = (
				F34B45442B8CCDE300434B42 /* Date.swift */,
				F34B45462B8CCDE300434B42 /* String.swift */,
				F34B45482B8CCDE300434B42 /* UIApplication.swift */,
				F34B45492B8CCDE300434B42 /* Color.swift */,
			);
			path = Extensions;
			sourceTree = "<group>";
		};
		F34B45502B8CED5D00434B42 /* View */ = {
			isa = PBXGroup;
			children = (
				F3835D462BF2108D00D78E6B /* ListView */,
				F324F4FE2BB98AE8002B5AAE /* Test */,
				F30060FD2BB52964009C7D64 /* Select category */,
				F39A6D9F2BABF4410006E60E /* WebView */,
				F366D80D2BAA645F00224835 /* Custom Segmented Picker */,
				F366D8092BAA5A6D00224835 /* Create Record */,
				F34B45542B8CEDB900434B42 /* Components */,
				F34B45512B8CED6800434B42 /* Home */,
			);
			path = View;
			sourceTree = "<group>";
		};
		F34B45512B8CED6800434B42 /* Home */ = {
			isa = PBXGroup;
			children = (
				F34B45522B8CED7A00434B42 /* HomeView.swift */,
			);
			path = Home;
			sourceTree = "<group>";
		};
		F34B45542B8CEDB900434B42 /* Components */ = {
			isa = PBXGroup;
			children = (
				F343EB062BB8119300D356E9 /* TopBar */,
				F3A0A0D32BB0F43E00007ADB /* Calculator */,
				F3033C902BB5C88300ECBA71 /* CommonToolBar */,
				F3A0A0CA2BB0F1BF00007ADB /* CircleWithIcon */,
				F34B45552B8CEDDA00434B42 /* Accounts */,
			);
			path = Components;
			sourceTree = "<group>";
		};
		F34B45552B8CEDDA00434B42 /* Accounts */ = {
			isa = PBXGroup;
			children = (
				F34B45562B8CEDE800434B42 /* AccountsListView.swift */,
				F34B45582B8CF2CD00434B42 /* AccountGridItemView.swift */,
				F31B48202B8F327A00CE6575 /* AddAccountFormView.swift */,
			);
			path = Accounts;
			sourceTree = "<group>";
		};
		F35A4AA62BB2BC1300345287 /* Data */ = {
			isa = PBXGroup;
			children = (
				F35A4AA72BB2BC3100345287 /* CategoryData.swift */,
				F3835D4B2BF21CD200D78E6B /* ListData.swift */,
			);
			path = Data;
			sourceTree = "<group>";
		};
		F366D8092BAA5A6D00224835 /* Create Record */ = {
			isa = PBXGroup;
			children = (
				F38FFE902BB39ACD0001DA36 /* Add Record Details View */,
				7BBBC79B2BB02FB400B417E0 /* Choose Account */,
				F366D80A2BAA5AA000224835 /* CreateRecordMainView.swift */,
				F317D9892BAB02F0003BB60A /* RecordTypeSegmentedView.swift */,
			);
			path = "Create Record";
			sourceTree = "<group>";
		};
		F366D80D2BAA645F00224835 /* Custom Segmented Picker */ = {
			isa = PBXGroup;
			children = (
				F366D81B2BAA6F6800224835 /* SegmentedPickerItem.swift */,
				F366D80E2BAA647900224835 /* CustomSegmentedPickerExample.swift */,
				F366D8102BAA655C00224835 /* CustomSegmentedPicker.swift */,
				F3D6A5A82BAAD58100EB3E80 /* SegmentedPickerIndicatorView.swift */,
			);
			path = "Custom Segmented Picker";
			sourceTree = "<group>";
		};
		F3835D462BF2108D00D78E6B /* ListView */ = {
			isa = PBXGroup;
			children = (
				F3835D472BF210BB00D78E6B /* SingleRecordItem.swift */,
				F3835D492BF210CA00D78E6B /* RecordListItem.swift */,
				F3BD5C482BF2F1A900DB5F7A /* RecordHeaderView.swift */,
			);
			path = ListView;
			sourceTree = "<group>";
		};
		F38FFE902BB39ACD0001DA36 /* Add Record Details View */ = {
			isa = PBXGroup;
			children = (
				F38FFE912BB39B210001DA36 /* AddRecordDetailsView.swift */,
				F38FFE932BB39ECC0001DA36 /* DropDownView.swift */,
			);
			path = "Add Record Details View";
			sourceTree = "<group>";
		};
		F39A6D9F2BABF4410006E60E /* WebView */ = {
			isa = PBXGroup;
			children = (
				F39A6DA02BABF45C0006E60E /* WebViewTest.swift */,
			);
			path = WebView;
			sourceTree = "<group>";
		};
		F3A0A0CA2BB0F1BF00007ADB /* CircleWithIcon */ = {
			isa = PBXGroup;
			children = (
				F3A0A0CB2BB0F20D00007ADB /* SingleCircleItem.swift */,
			);
			path = CircleWithIcon;
			sourceTree = "<group>";
		};
		F3A0A0D32BB0F43E00007ADB /* Calculator */ = {
			isa = PBXGroup;
			children = (
				F3A0A0D62BB0F49B00007ADB /* SingleButton.swift */,
				F3A0A0D42BB0F47600007ADB /* CalculatorView.swift */,
			);
			path = Calculator;
			sourceTree = "<group>";
		};
/* End PBXGroup section */

/* Begin PBXNativeTarget section */
		F34B452A2B8CBD1100434B42 /* eWallet */ = {
			isa = PBXNativeTarget;
			buildConfigurationList = F34B45392B8CBD1300434B42 /* Build configuration list for PBXNativeTarget "eWallet" */;
			buildPhases = (
				F34B45272B8CBD1100434B42 /* Sources */,
				F34B45282B8CBD1100434B42 /* Frameworks */,
				F34B45292B8CBD1100434B42 /* Resources */,
			);
			buildRules = (
			);
			dependencies = (
			);
			name = eWallet;
			productName = eWallet;
			productReference = F34B452B2B8CBD1100434B42 /* eWallet.app */;
			productType = "com.apple.product-type.application";
		};
/* End PBXNativeTarget section */

/* Begin PBXProject section */
		F34B45232B8CBD1100434B42 /* Project object */ = {
			isa = PBXProject;
			attributes = {
				BuildIndependentTargetsInParallel = 1;
				LastSwiftUpdateCheck = 1520;
				LastUpgradeCheck = 1520;
				TargetAttributes = {
					F34B452A2B8CBD1100434B42 = {
						CreatedOnToolsVersion = 15.2;
					};
				};
			};
			buildConfigurationList = F34B45262B8CBD1100434B42 /* Build configuration list for PBXProject "eWallet" */;
			compatibilityVersion = "Xcode 14.0";
			developmentRegion = en;
			hasScannedForEncodings = 0;
			knownRegions = (
				en,
				Base,
			);
			mainGroup = F34B45222B8CBD1100434B42;
			productRefGroup = F34B452C2B8CBD1100434B42 /* Products */;
			projectDirPath = "";
			projectRoot = "";
			targets = (
				F34B452A2B8CBD1100434B42 /* eWallet */,
			);
		};
/* End PBXProject section */

/* Begin PBXResourcesBuildPhase section */
		F34B45292B8CBD1100434B42 /* Resources */ = {
			isa = PBXResourcesBuildPhase;
			buildActionMask = 2147483647;
			files = (
				F34B45362B8CBD1300434B42 /* Preview Assets.xcassets in Resources */,
				F34B45332B8CBD1300434B42 /* Assets.xcassets in Resources */,
			);
			runOnlyForDeploymentPostprocessing = 0;
		};
/* End PBXResourcesBuildPhase section */

/* Begin PBXSourcesBuildPhase section */
		F34B45272B8CBD1100434B42 /* Sources */ = {
			isa = PBXSourcesBuildPhase;
			buildActionMask = 2147483647;
			files = (
				F3A0A0D72BB0F49B00007ADB /* SingleButton.swift in Sources */,
				F3033C942BB5C8D000ECBA71 /* CustomNavBarView.swift in Sources */,
				F366D81C2BAA6F6800224835 /* SegmentedPickerItem.swift in Sources */,
				F366D80F2BAA647900224835 /* CustomSegmentedPickerExample.swift in Sources */,
				F32746462BB6BF1700ECFDB7 /* AppNavBarView.swift in Sources */,
				F31B48212B8F327A00CE6575 /* AddAccountFormView.swift in Sources */,
				F39A6DA12BABF45C0006E60E /* WebViewTest.swift in Sources */,
				F3A0A0D02BB0F26800007ADB /* AllCatagoryItem.swift in Sources */,
				F317D98A2BAB02F0003BB60A /* RecordTypeSegmentedView.swift in Sources */,
				F3835D4C2BF21CD200D78E6B /* ListData.swift in Sources */,
				7BBBC79F2BB030E400B417E0 /* ChooseAccountItemView.swift in Sources */,
				F34B45572B8CEDE800434B42 /* AccountsListView.swift in Sources */,
				7BBBC79D2BB02FED00B417E0 /* ChooseAccountView.swift in Sources */,
				F38FFE922BB39B210001DA36 /* AddRecordDetailsView.swift in Sources */,
				F35A4AA82BB2BC3100345287 /* CategoryData.swift in Sources */,
				F3A0A0D52BB0F47600007ADB /* CalculatorView.swift in Sources */,
				F34B45312B8CBD1100434B42 /* ContentView.swift in Sources */,
				F327464A2BB6C34D00ECFDB7 /* CustomNavLink.swift in Sources */,
				F3BD5C492BF2F1A900DB5F7A /* RecordHeaderView.swift in Sources */,
				F34B45532B8CED7A00434B42 /* HomeView.swift in Sources */,
				F343EB082BB811D100D356E9 /* CommonTopBar.swift in Sources */,
				F34B454E2B8CCDE300434B42 /* UIApplication.swift in Sources */,
				F3A0A0CC2BB0F20D00007ADB /* SingleCircleItem.swift in Sources */,
				F3835D4A2BF210CA00D78E6B /* RecordListItem.swift in Sources */,
				F3A0A0CE2BB0F25300007ADB /* RecentCatagoryItem.swift in Sources */,
				F32746482BB6C0EB00ECFDB7 /* CustomNavView.swift in Sources */,
				F3D6A5A92BAAD58100EB3E80 /* SegmentedPickerIndicatorView.swift in Sources */,
				F317D9852BAAFDA1003BB60A /* RecordTypeEnum.swift in Sources */,
				F32746442BB6B35100ECFDB7 /* CustomNavBarContainerView.swift in Sources */,
				F366D80B2BAA5AA000224835 /* CreateRecordMainView.swift in Sources */,
				F324F5002BB98AF4002B5AAE /* TestAnimationView.swift in Sources */,
				F343EB0B2BB8145500D356E9 /* DataUtility.swift in Sources */,
				F327464C2BB6C6C700ECFDB7 /* CustomNavBarPreferenceKeys.swift in Sources */,
				F34B454C2B8CCDE300434B42 /* String.swift in Sources */,
				F34B454A2B8CCDE300434B42 /* Date.swift in Sources */,
				F34B45592B8CF2CD00434B42 /* AccountGridItemView.swift in Sources */,
				F3835D482BF210BB00D78E6B /* SingleRecordItem.swift in Sources */,
				F3A0A0D22BB0F2A500007ADB /* SelectCatagoryView.swift in Sources */,
				F38FFE942BB39ECC0001DA36 /* DropDownView.swift in Sources */,
				F34B454F2B8CCDE300434B42 /* Color.swift in Sources */,
				F34B452F2B8CBD1100434B42 /* eWalletApp.swift in Sources */,
				F366D8112BAA655C00224835 /* CustomSegmentedPicker.swift in Sources */,
			);
			runOnlyForDeploymentPostprocessing = 0;
		};
/* End PBXSourcesBuildPhase section */

/* Begin XCBuildConfiguration section */
		F34B45372B8CBD1300434B42 /* Debug */ = {
			isa = XCBuildConfiguration;
			buildSettings = {
				ALWAYS_SEARCH_USER_PATHS = NO;
				ASSETCATALOG_COMPILER_GENERATE_SWIFT_ASSET_SYMBOL_EXTENSIONS = YES;
				CLANG_ANALYZER_NONNULL = YES;
				CLANG_ANALYZER_NUMBER_OBJECT_CONVERSION = YES_AGGRESSIVE;
				CLANG_CXX_LANGUAGE_STANDARD = "gnu++20";
				CLANG_ENABLE_MODULES = YES;
				CLANG_ENABLE_OBJC_ARC = YES;
				CLANG_ENABLE_OBJC_WEAK = YES;
				CLANG_WARN_BLOCK_CAPTURE_AUTORELEASING = YES;
				CLANG_WARN_BOOL_CONVERSION = YES;
				CLANG_WARN_COMMA = YES;
				CLANG_WARN_CONSTANT_CONVERSION = YES;
				CLANG_WARN_DEPRECATED_OBJC_IMPLEMENTATIONS = YES;
				CLANG_WARN_DIRECT_OBJC_ISA_USAGE = YES_ERROR;
				CLANG_WARN_DOCUMENTATION_COMMENTS = YES;
				CLANG_WARN_EMPTY_BODY = YES;
				CLANG_WARN_ENUM_CONVERSION = YES;
				CLANG_WARN_INFINITE_RECURSION = YES;
				CLANG_WARN_INT_CONVERSION = YES;
				CLANG_WARN_NON_LITERAL_NULL_CONVERSION = YES;
				CLANG_WARN_OBJC_IMPLICIT_RETAIN_SELF = YES;
				CLANG_WARN_OBJC_LITERAL_CONVERSION = YES;
				CLANG_WARN_OBJC_ROOT_CLASS = YES_ERROR;
				CLANG_WARN_QUOTED_INCLUDE_IN_FRAMEWORK_HEADER = YES;
				CLANG_WARN_RANGE_LOOP_ANALYSIS = YES;
				CLANG_WARN_STRICT_PROTOTYPES = YES;
				CLANG_WARN_SUSPICIOUS_MOVE = YES;
				CLANG_WARN_UNGUARDED_AVAILABILITY = YES_AGGRESSIVE;
				CLANG_WARN_UNREACHABLE_CODE = YES;
				CLANG_WARN__DUPLICATE_METHOD_MATCH = YES;
				COPY_PHASE_STRIP = NO;
				DEBUG_INFORMATION_FORMAT = dwarf;
				ENABLE_STRICT_OBJC_MSGSEND = YES;
				ENABLE_TESTABILITY = YES;
				ENABLE_USER_SCRIPT_SANDBOXING = YES;
				GCC_C_LANGUAGE_STANDARD = gnu17;
				GCC_DYNAMIC_NO_PIC = NO;
				GCC_NO_COMMON_BLOCKS = YES;
				GCC_OPTIMIZATION_LEVEL = 0;
				GCC_PREPROCESSOR_DEFINITIONS = (
					"DEBUG=1",
					"$(inherited)",
				);
				GCC_WARN_64_TO_32_BIT_CONVERSION = YES;
				GCC_WARN_ABOUT_RETURN_TYPE = YES_ERROR;
				GCC_WARN_UNDECLARED_SELECTOR = YES;
				GCC_WARN_UNINITIALIZED_AUTOS = YES_AGGRESSIVE;
				GCC_WARN_UNUSED_FUNCTION = YES;
				GCC_WARN_UNUSED_VARIABLE = YES;
				IPHONEOS_DEPLOYMENT_TARGET = 17.2;
				LOCALIZATION_PREFERS_STRING_CATALOGS = YES;
				MTL_ENABLE_DEBUG_INFO = INCLUDE_SOURCE;
				MTL_FAST_MATH = YES;
				ONLY_ACTIVE_ARCH = YES;
				SDKROOT = iphoneos;
				SWIFT_ACTIVE_COMPILATION_CONDITIONS = "DEBUG $(inherited)";
				SWIFT_OPTIMIZATION_LEVEL = "-Onone";
			};
			name = Debug;
		};
		F34B45382B8CBD1300434B42 /* Release */ = {
			isa = XCBuildConfiguration;
			buildSettings = {
				ALWAYS_SEARCH_USER_PATHS = NO;
				ASSETCATALOG_COMPILER_GENERATE_SWIFT_ASSET_SYMBOL_EXTENSIONS = YES;
				CLANG_ANALYZER_NONNULL = YES;
				CLANG_ANALYZER_NUMBER_OBJECT_CONVERSION = YES_AGGRESSIVE;
				CLANG_CXX_LANGUAGE_STANDARD = "gnu++20";
				CLANG_ENABLE_MODULES = YES;
				CLANG_ENABLE_OBJC_ARC = YES;
				CLANG_ENABLE_OBJC_WEAK = YES;
				CLANG_WARN_BLOCK_CAPTURE_AUTORELEASING = YES;
				CLANG_WARN_BOOL_CONVERSION = YES;
				CLANG_WARN_COMMA = YES;
				CLANG_WARN_CONSTANT_CONVERSION = YES;
				CLANG_WARN_DEPRECATED_OBJC_IMPLEMENTATIONS = YES;
				CLANG_WARN_DIRECT_OBJC_ISA_USAGE = YES_ERROR;
				CLANG_WARN_DOCUMENTATION_COMMENTS = YES;
				CLANG_WARN_EMPTY_BODY = YES;
				CLANG_WARN_ENUM_CONVERSION = YES;
				CLANG_WARN_INFINITE_RECURSION = YES;
				CLANG_WARN_INT_CONVERSION = YES;
				CLANG_WARN_NON_LITERAL_NULL_CONVERSION = YES;
				CLANG_WARN_OBJC_IMPLICIT_RETAIN_SELF = YES;
				CLANG_WARN_OBJC_LITERAL_CONVERSION = YES;
				CLANG_WARN_OBJC_ROOT_CLASS = YES_ERROR;
				CLANG_WARN_QUOTED_INCLUDE_IN_FRAMEWORK_HEADER = YES;
				CLANG_WARN_RANGE_LOOP_ANALYSIS = YES;
				CLANG_WARN_STRICT_PROTOTYPES = YES;
				CLANG_WARN_SUSPICIOUS_MOVE = YES;
				CLANG_WARN_UNGUARDED_AVAILABILITY = YES_AGGRESSIVE;
				CLANG_WARN_UNREACHABLE_CODE = YES;
				CLANG_WARN__DUPLICATE_METHOD_MATCH = YES;
				COPY_PHASE_STRIP = NO;
				DEBUG_INFORMATION_FORMAT = "dwarf-with-dsym";
				ENABLE_NS_ASSERTIONS = NO;
				ENABLE_STRICT_OBJC_MSGSEND = YES;
				ENABLE_USER_SCRIPT_SANDBOXING = YES;
				GCC_C_LANGUAGE_STANDARD = gnu17;
				GCC_NO_COMMON_BLOCKS = YES;
				GCC_WARN_64_TO_32_BIT_CONVERSION = YES;
				GCC_WARN_ABOUT_RETURN_TYPE = YES_ERROR;
				GCC_WARN_UNDECLARED_SELECTOR = YES;
				GCC_WARN_UNINITIALIZED_AUTOS = YES_AGGRESSIVE;
				GCC_WARN_UNUSED_FUNCTION = YES;
				GCC_WARN_UNUSED_VARIABLE = YES;
				IPHONEOS_DEPLOYMENT_TARGET = 17.2;
				LOCALIZATION_PREFERS_STRING_CATALOGS = YES;
				MTL_ENABLE_DEBUG_INFO = NO;
				MTL_FAST_MATH = YES;
				SDKROOT = iphoneos;
				SWIFT_COMPILATION_MODE = wholemodule;
				VALIDATE_PRODUCT = YES;
			};
			name = Release;
		};
		F34B453A2B8CBD1300434B42 /* Debug */ = {
			isa = XCBuildConfiguration;
			buildSettings = {
				ASSETCATALOG_COMPILER_APPICON_NAME = AppIcon;
				ASSETCATALOG_COMPILER_GLOBAL_ACCENT_COLOR_NAME = AccentColor;
				CODE_SIGN_STYLE = Automatic;
				CURRENT_PROJECT_VERSION = 1;
				DEVELOPMENT_ASSET_PATHS = "\"eWallet/Preview Content\"";
				DEVELOPMENT_TEAM = N7V5S5PJV4;
				ENABLE_PREVIEWS = YES;
				GENERATE_INFOPLIST_FILE = YES;
				INFOPLIST_FILE = eWallet/Info.plist;
				INFOPLIST_KEY_UIApplicationSceneManifest_Generation = YES;
				INFOPLIST_KEY_UIApplicationSupportsIndirectInputEvents = YES;
				INFOPLIST_KEY_UILaunchScreen_Generation = YES;
				INFOPLIST_KEY_UISupportedInterfaceOrientations_iPad = "UIInterfaceOrientationPortrait UIInterfaceOrientationPortraitUpsideDown UIInterfaceOrientationLandscapeLeft UIInterfaceOrientationLandscapeRight";
				INFOPLIST_KEY_UISupportedInterfaceOrientations_iPhone = "UIInterfaceOrientationPortrait UIInterfaceOrientationLandscapeLeft UIInterfaceOrientationLandscapeRight";
				LD_RUNPATH_SEARCH_PATHS = (
					"$(inherited)",
					"@executable_path/Frameworks",
				);
				MARKETING_VERSION = 1.0;
				PRODUCT_BUNDLE_IDENTIFIER = HabiburRahman.eWallet;
				PRODUCT_NAME = "$(TARGET_NAME)";
				SWIFT_EMIT_LOC_STRINGS = YES;
				SWIFT_VERSION = 5.0;
				TARGETED_DEVICE_FAMILY = "1,2";
			};
			name = Debug;
		};
		F34B453B2B8CBD1300434B42 /* Release */ = {
			isa = XCBuildConfiguration;
			buildSettings = {
				ASSETCATALOG_COMPILER_APPICON_NAME = AppIcon;
				ASSETCATALOG_COMPILER_GLOBAL_ACCENT_COLOR_NAME = AccentColor;
				CODE_SIGN_STYLE = Automatic;
				CURRENT_PROJECT_VERSION = 1;
				DEVELOPMENT_ASSET_PATHS = "\"eWallet/Preview Content\"";
				DEVELOPMENT_TEAM = N7V5S5PJV4;
				ENABLE_PREVIEWS = YES;
				GENERATE_INFOPLIST_FILE = YES;
				INFOPLIST_FILE = eWallet/Info.plist;
				INFOPLIST_KEY_UIApplicationSceneManifest_Generation = YES;
				INFOPLIST_KEY_UIApplicationSupportsIndirectInputEvents = YES;
				INFOPLIST_KEY_UILaunchScreen_Generation = YES;
				INFOPLIST_KEY_UISupportedInterfaceOrientations_iPad = "UIInterfaceOrientationPortrait UIInterfaceOrientationPortraitUpsideDown UIInterfaceOrientationLandscapeLeft UIInterfaceOrientationLandscapeRight";
				INFOPLIST_KEY_UISupportedInterfaceOrientations_iPhone = "UIInterfaceOrientationPortrait UIInterfaceOrientationLandscapeLeft UIInterfaceOrientationLandscapeRight";
				LD_RUNPATH_SEARCH_PATHS = (
					"$(inherited)",
					"@executable_path/Frameworks",
				);
				MARKETING_VERSION = 1.0;
				PRODUCT_BUNDLE_IDENTIFIER = HabiburRahman.eWallet;
				PRODUCT_NAME = "$(TARGET_NAME)";
				SWIFT_EMIT_LOC_STRINGS = YES;
				SWIFT_VERSION = 5.0;
				TARGETED_DEVICE_FAMILY = "1,2";
			};
			name = Release;
		};
/* End XCBuildConfiguration section */

/* Begin XCConfigurationList section */
		F34B45262B8CBD1100434B42 /* Build configuration list for PBXProject "eWallet" */ = {
			isa = XCConfigurationList;
			buildConfigurations = (
				F34B45372B8CBD1300434B42 /* Debug */,
				F34B45382B8CBD1300434B42 /* Release */,
			);
			defaultConfigurationIsVisible = 0;
			defaultConfigurationName = Release;
		};
		F34B45392B8CBD1300434B42 /* Build configuration list for PBXNativeTarget "eWallet" */ = {
			isa = XCConfigurationList;
			buildConfigurations = (
				F34B453A2B8CBD1300434B42 /* Debug */,
				F34B453B2B8CBD1300434B42 /* Release */,
			);
			defaultConfigurationIsVisible = 0;
			defaultConfigurationName = Release;
		};
/* End XCConfigurationList section */
	};
	rootObject = F34B45232B8CBD1100434B42 /* Project object */;
}
